// !$*UTF8*$!
{
	archiveVersion = 1;
	classes = {
	};
	objectVersion = 46;
	objects = {

/* Begin PBXBuildFile section */
		DF6B2F21216F4678007E2B4C /* OAuthAPI.swift in Sources */ = {isa = PBXBuildFile; fileRef = DF6B2D9B216F4677007E2B4C /* OAuthAPI.swift */; };
		DF6B2F22216F4678007E2B4C /* OAuthAPI.swift in Sources */ = {isa = PBXBuildFile; fileRef = DF6B2D9B216F4677007E2B4C /* OAuthAPI.swift */; };
		DF6B2F23216F4678007E2B4C /* ExchangeAuthCode.swift in Sources */ = {isa = PBXBuildFile; fileRef = DF6B2D9E216F4677007E2B4C /* ExchangeAuthCode.swift */; };
		DF6B2F24216F4678007E2B4C /* ExchangeAuthCode.swift in Sources */ = {isa = PBXBuildFile; fileRef = DF6B2D9E216F4677007E2B4C /* ExchangeAuthCode.swift */; };
		DF6B2F25216F4678007E2B4C /* OAuthAPIError.swift in Sources */ = {isa = PBXBuildFile; fileRef = DF6B2D9F216F4677007E2B4C /* OAuthAPIError.swift */; };
		DF6B2F26216F4678007E2B4C /* OAuthAPIError.swift in Sources */ = {isa = PBXBuildFile; fileRef = DF6B2D9F216F4677007E2B4C /* OAuthAPIError.swift */; };
		DF6B2F27216F4678007E2B4C /* OAuthEnvRequest.swift in Sources */ = {isa = PBXBuildFile; fileRef = DF6B2DA0216F4677007E2B4C /* OAuthEnvRequest.swift */; };
		DF6B2F28216F4678007E2B4C /* OAuthEnvRequest.swift in Sources */ = {isa = PBXBuildFile; fileRef = DF6B2DA0216F4677007E2B4C /* OAuthEnvRequest.swift */; };
		DF6B2F29216F4678007E2B4C /* OAuthAPIRequest.swift in Sources */ = {isa = PBXBuildFile; fileRef = DF6B2DA1216F4677007E2B4C /* OAuthAPIRequest.swift */; };
		DF6B2F2A216F4678007E2B4C /* OAuthAPIRequest.swift in Sources */ = {isa = PBXBuildFile; fileRef = DF6B2DA1216F4677007E2B4C /* OAuthAPIRequest.swift */; };
		DF6B2F47216F4678007E2B4C /* Env.swift in Sources */ = {isa = PBXBuildFile; fileRef = DF6B2DB1216F4677007E2B4C /* Env.swift */; };
		DF6B2F48216F4678007E2B4C /* Env.swift in Sources */ = {isa = PBXBuildFile; fileRef = DF6B2DB1216F4677007E2B4C /* Env.swift */; };
		DF6B2F49216F4678007E2B4C /* DecodableDataParser.swift in Sources */ = {isa = PBXBuildFile; fileRef = DF6B2DB2216F4677007E2B4C /* DecodableDataParser.swift */; };
		DF6B2F4A216F4678007E2B4C /* DecodableDataParser.swift in Sources */ = {isa = PBXBuildFile; fileRef = DF6B2DB2216F4677007E2B4C /* DecodableDataParser.swift */; };
		DF6B2F4B216F4678007E2B4C /* BankAPI.swift in Sources */ = {isa = PBXBuildFile; fileRef = DF6B2DB3216F4677007E2B4C /* BankAPI.swift */; };
		DF6B2F4C216F4678007E2B4C /* BankAPI.swift in Sources */ = {isa = PBXBuildFile; fileRef = DF6B2DB3216F4677007E2B4C /* BankAPI.swift */; };
		DF6B2F4D216F4678007E2B4C /* Pokepay.swift in Sources */ = {isa = PBXBuildFile; fileRef = DF6B2DB4216F4677007E2B4C /* Pokepay.swift */; };
		DF6B2F4E216F4678007E2B4C /* Pokepay.swift in Sources */ = {isa = PBXBuildFile; fileRef = DF6B2DB4216F4677007E2B4C /* Pokepay.swift */; };
		DF6B2F93216F4678007E2B4C /* RequestProxy.swift in Sources */ = {isa = PBXBuildFile; fileRef = DF6B2DDF216F4677007E2B4C /* RequestProxy.swift */; };
		DF6B2F94216F4678007E2B4C /* RequestProxy.swift in Sources */ = {isa = PBXBuildFile; fileRef = DF6B2DDF216F4677007E2B4C /* RequestProxy.swift */; };
		DF6B3049216F4679007E2B4C /* Makefile in Sources */ = {isa = PBXBuildFile; fileRef = DF6B2F1E216F4678007E2B4C /* Makefile */; };
		DF6B304A216F4679007E2B4C /* Makefile in Sources */ = {isa = PBXBuildFile; fileRef = DF6B2F1E216F4678007E2B4C /* Makefile */; };
		DF99827F2186AE7900A1FD71 /* CreateTransactionWithBill.swift in Sources */ = {isa = PBXBuildFile; fileRef = DF9982532186AE7900A1FD71 /* CreateTransactionWithBill.swift */; };
		DF9982802186AE7900A1FD71 /* SendToUser.swift in Sources */ = {isa = PBXBuildFile; fileRef = DF9982542186AE7900A1FD71 /* SendToUser.swift */; };
		DF9982812186AE7900A1FD71 /* SendToAccount.swift in Sources */ = {isa = PBXBuildFile; fileRef = DF9982552186AE7900A1FD71 /* SendToAccount.swift */; };
		DF9982822186AE7900A1FD71 /* CreateTransactionWithCheck.swift in Sources */ = {isa = PBXBuildFile; fileRef = DF9982562186AE7900A1FD71 /* CreateTransactionWithCheck.swift */; };
		DF9982832186AE7900A1FD71 /* CancelTransaction.swift in Sources */ = {isa = PBXBuildFile; fileRef = DF9982572186AE7900A1FD71 /* CancelTransaction.swift */; };
		DF9982842186AE7900A1FD71 /* GetTransaction.swift in Sources */ = {isa = PBXBuildFile; fileRef = DF9982582186AE7900A1FD71 /* GetTransaction.swift */; };
		DF9982852186AE7900A1FD71 /* CreateTransactionWithCashtray.swift in Sources */ = {isa = PBXBuildFile; fileRef = DF9982592186AE7900A1FD71 /* CreateTransactionWithCashtray.swift */; };
		DF9982862186AE7900A1FD71 /* CreateTransactionWithJwt.swift in Sources */ = {isa = PBXBuildFile; fileRef = DF99825A2186AE7900A1FD71 /* CreateTransactionWithJwt.swift */; };
		DF9982872186AE7900A1FD71 /* BankAPIRequest.swift in Sources */ = {isa = PBXBuildFile; fileRef = DF99825B2186AE7900A1FD71 /* BankAPIRequest.swift */; };
		DF9982882186AE7900A1FD71 /* SearchPrivateMoneys.swift in Sources */ = {isa = PBXBuildFile; fileRef = DF99825D2186AE7900A1FD71 /* SearchPrivateMoneys.swift */; };
		DF9982892186AE7900A1FD71 /* DeleteBill.swift in Sources */ = {isa = PBXBuildFile; fileRef = DF99825F2186AE7900A1FD71 /* DeleteBill.swift */; };
		DF99828A2186AE7900A1FD71 /* UpdateBill.swift in Sources */ = {isa = PBXBuildFile; fileRef = DF9982602186AE7900A1FD71 /* UpdateBill.swift */; };
		DF99828B2186AE7900A1FD71 /* GetBill.swift in Sources */ = {isa = PBXBuildFile; fileRef = DF9982612186AE7900A1FD71 /* GetBill.swift */; };
		DF99828C2186AE7900A1FD71 /* CreateBill.swift in Sources */ = {isa = PBXBuildFile; fileRef = DF9982622186AE7900A1FD71 /* CreateBill.swift */; };
		DF99828D2186AE7900A1FD71 /* BankAPIError.swift in Sources */ = {isa = PBXBuildFile; fileRef = DF9982632186AE7900A1FD71 /* BankAPIError.swift */; };
		DF99828E2186AE7900A1FD71 /* GetTerminal.swift in Sources */ = {isa = PBXBuildFile; fileRef = DF9982652186AE7900A1FD71 /* GetTerminal.swift */; };
		DF99828F2186AE7900A1FD71 /* UpdateTerminal.swift in Sources */ = {isa = PBXBuildFile; fileRef = DF9982662186AE7900A1FD71 /* UpdateTerminal.swift */; };
		DF9982902186AE7900A1FD71 /* AddTerminalPublicKey.swift in Sources */ = {isa = PBXBuildFile; fileRef = DF9982672186AE7900A1FD71 /* AddTerminalPublicKey.swift */; };
		DF9982912186AE7900A1FD71 /* UpdateUser.swift in Sources */ = {isa = PBXBuildFile; fileRef = DF9982692186AE7900A1FD71 /* UpdateUser.swift */; };
		DF9982922186AE7900A1FD71 /* GetUserTransactions.swift in Sources */ = {isa = PBXBuildFile; fileRef = DF99826A2186AE7900A1FD71 /* GetUserTransactions.swift */; };
		DF9982932186AE7900A1FD71 /* RegisterUserEmail.swift in Sources */ = {isa = PBXBuildFile; fileRef = DF99826B2186AE7900A1FD71 /* RegisterUserEmail.swift */; };
		DF9982942186AE7900A1FD71 /* DeleteUserEmail.swift in Sources */ = {isa = PBXBuildFile; fileRef = DF99826C2186AE7900A1FD71 /* DeleteUserEmail.swift */; };
		DF9982952186AE7900A1FD71 /* GetUserAccounts.swift in Sources */ = {isa = PBXBuildFile; fileRef = DF99826D2186AE7900A1FD71 /* GetUserAccounts.swift */; };
		DF9982962186AE7900A1FD71 /* SendConfirmationEmail.swift in Sources */ = {isa = PBXBuildFile; fileRef = DF99826E2186AE7900A1FD71 /* SendConfirmationEmail.swift */; };
		DF9982972186AE7900A1FD71 /* AuthorizedRequest.swift in Sources */ = {isa = PBXBuildFile; fileRef = DF99826F2186AE7900A1FD71 /* AuthorizedRequest.swift */; };
		DF9982982186AE7900A1FD71 /* GetAccount.swift in Sources */ = {isa = PBXBuildFile; fileRef = DF9982712186AE7900A1FD71 /* GetAccount.swift */; };
		DF9982992186AE7900A1FD71 /* CreateAccount.swift in Sources */ = {isa = PBXBuildFile; fileRef = DF9982722186AE7900A1FD71 /* CreateAccount.swift */; };
		DF99829A2186AE7900A1FD71 /* GetAccountTransactions.swift in Sources */ = {isa = PBXBuildFile; fileRef = DF9982732186AE7900A1FD71 /* GetAccountTransactions.swift */; };
		DF99829B2186AE7900A1FD71 /* GetBalances.swift in Sources */ = {isa = PBXBuildFile; fileRef = DF9982742186AE7900A1FD71 /* GetBalances.swift */; };
		DF99829C2186AE7900A1FD71 /* GetCheck.swift in Sources */ = {isa = PBXBuildFile; fileRef = DF9982762186AE7900A1FD71 /* GetCheck.swift */; };
		DF99829D2186AE7900A1FD71 /* CreateCheck.swift in Sources */ = {isa = PBXBuildFile; fileRef = DF9982772186AE7900A1FD71 /* CreateCheck.swift */; };
		DF99829E2186AE7900A1FD71 /* DeleteCheck.swift in Sources */ = {isa = PBXBuildFile; fileRef = DF9982782186AE7900A1FD71 /* DeleteCheck.swift */; };
		DF99829F2186AE7900A1FD71 /* UpdateCheck.swift in Sources */ = {isa = PBXBuildFile; fileRef = DF9982792186AE7900A1FD71 /* UpdateCheck.swift */; };
		DF9982A02186AE7900A1FD71 /* UpdateCashtray.swift in Sources */ = {isa = PBXBuildFile; fileRef = DF99827B2186AE7900A1FD71 /* UpdateCashtray.swift */; };
		DF9982A12186AE7900A1FD71 /* GetCashtray.swift in Sources */ = {isa = PBXBuildFile; fileRef = DF99827C2186AE7900A1FD71 /* GetCashtray.swift */; };
		DF9982A22186AE7900A1FD71 /* CreateCashtray.swift in Sources */ = {isa = PBXBuildFile; fileRef = DF99827D2186AE7900A1FD71 /* CreateCashtray.swift */; };
		DF9982A32186AE7900A1FD71 /* DeleteCashtray.swift in Sources */ = {isa = PBXBuildFile; fileRef = DF99827E2186AE7900A1FD71 /* DeleteCashtray.swift */; };
		DF9982B62186AECB00A1FD71 /* AccountBalance.swift in Sources */ = {isa = PBXBuildFile; fileRef = DF9982A52186AECB00A1FD71 /* AccountBalance.swift */; };
		DF9982B72186AECB00A1FD71 /* NoContent.swift in Sources */ = {isa = PBXBuildFile; fileRef = DF9982A62186AECB00A1FD71 /* NoContent.swift */; };
		DF9982B82186AECB00A1FD71 /* Error.swift in Sources */ = {isa = PBXBuildFile; fileRef = DF9982A72186AECB00A1FD71 /* Error.swift */; };
		DF9982B92186AECB00A1FD71 /* Terminal.swift in Sources */ = {isa = PBXBuildFile; fileRef = DF9982A82186AECB00A1FD71 /* Terminal.swift */; };
		DF9982BA2186AECB00A1FD71 /* AccessToken.swift in Sources */ = {isa = PBXBuildFile; fileRef = DF9982A92186AECB00A1FD71 /* AccessToken.swift */; };
		DF9982BB2186AECB00A1FD71 /* PaginatedAccountBalances.swift in Sources */ = {isa = PBXBuildFile; fileRef = DF9982AA2186AECB00A1FD71 /* PaginatedAccountBalances.swift */; };
		DF9982BC2186AECB00A1FD71 /* Organization.swift in Sources */ = {isa = PBXBuildFile; fileRef = DF9982AB2186AECB00A1FD71 /* Organization.swift */; };
		DF9982BD2186AECB00A1FD71 /* User.swift in Sources */ = {isa = PBXBuildFile; fileRef = DF9982AC2186AECB00A1FD71 /* User.swift */; };
		DF9982BE2186AECB00A1FD71 /* Cashtray.swift in Sources */ = {isa = PBXBuildFile; fileRef = DF9982AD2186AECB00A1FD71 /* Cashtray.swift */; };
		DF9982BF2186AECB00A1FD71 /* PaginatedTransactions.swift in Sources */ = {isa = PBXBuildFile; fileRef = DF9982AE2186AECB00A1FD71 /* PaginatedTransactions.swift */; };
		DF9982C02186AECB00A1FD71 /* Check.swift in Sources */ = {isa = PBXBuildFile; fileRef = DF9982AF2186AECB00A1FD71 /* Check.swift */; };
		DF9982C12186AECB00A1FD71 /* PaginatedPrivateMoneys.swift in Sources */ = {isa = PBXBuildFile; fileRef = DF9982B02186AECB00A1FD71 /* PaginatedPrivateMoneys.swift */; };
		DF9982C22186AECB00A1FD71 /* UserTransaction.swift in Sources */ = {isa = PBXBuildFile; fileRef = DF9982B12186AECB00A1FD71 /* UserTransaction.swift */; };
		DF9982C32186AECB00A1FD71 /* Bill.swift in Sources */ = {isa = PBXBuildFile; fileRef = DF9982B22186AECB00A1FD71 /* Bill.swift */; };
		DF9982C42186AECB00A1FD71 /* Account.swift in Sources */ = {isa = PBXBuildFile; fileRef = DF9982B32186AECB00A1FD71 /* Account.swift */; };
		DF9982C52186AECB00A1FD71 /* PrivateMoney.swift in Sources */ = {isa = PBXBuildFile; fileRef = DF9982B42186AECB00A1FD71 /* PrivateMoney.swift */; };
		DF9982C62186AECB00A1FD71 /* PaginatedAccounts.swift in Sources */ = {isa = PBXBuildFile; fileRef = DF9982B52186AECB00A1FD71 /* PaginatedAccounts.swift */; };
/* End PBXBuildFile section */

/* Begin PBXContainerItemProxy section */
		DFD4343C216F3BCB00B4E006 /* PBXContainerItemProxy */ = {
			isa = PBXContainerItemProxy;
			containerPortal = OBJ_1 /* Project object */;
			proxyType = 1;
			remoteGlobalIDString = "Pokepay::Pokepay";
			remoteInfo = Pokepay;
		};
/* End PBXContainerItemProxy section */

/* Begin PBXFileReference section */
		DF6B2D97216F4677007E2B4C /* Cartfile.resolved */ = {isa = PBXFileReference; fileEncoding = 4; lastKnownFileType = text; path = Cartfile.resolved; sourceTree = "<group>"; };
		DF6B2D98216F4677007E2B4C /* README.md */ = {isa = PBXFileReference; fileEncoding = 4; lastKnownFileType = net.daringfireball.markdown; path = README.md; sourceTree = "<group>"; };
		DF6B2D9B216F4677007E2B4C /* OAuthAPI.swift */ = {isa = PBXFileReference; fileEncoding = 4; lastKnownFileType = sourcecode.swift; path = OAuthAPI.swift; sourceTree = "<group>"; };
		DF6B2D9E216F4677007E2B4C /* ExchangeAuthCode.swift */ = {isa = PBXFileReference; fileEncoding = 4; lastKnownFileType = sourcecode.swift; path = ExchangeAuthCode.swift; sourceTree = "<group>"; };
		DF6B2D9F216F4677007E2B4C /* OAuthAPIError.swift */ = {isa = PBXFileReference; fileEncoding = 4; lastKnownFileType = sourcecode.swift; path = OAuthAPIError.swift; sourceTree = "<group>"; };
		DF6B2DA0216F4677007E2B4C /* OAuthEnvRequest.swift */ = {isa = PBXFileReference; fileEncoding = 4; lastKnownFileType = sourcecode.swift; path = OAuthEnvRequest.swift; sourceTree = "<group>"; };
		DF6B2DA1216F4677007E2B4C /* OAuthAPIRequest.swift */ = {isa = PBXFileReference; fileEncoding = 4; lastKnownFileType = sourcecode.swift; path = OAuthAPIRequest.swift; sourceTree = "<group>"; };
		DF6B2DB1216F4677007E2B4C /* Env.swift */ = {isa = PBXFileReference; fileEncoding = 4; lastKnownFileType = sourcecode.swift; path = Env.swift; sourceTree = "<group>"; };
		DF6B2DB2216F4677007E2B4C /* DecodableDataParser.swift */ = {isa = PBXFileReference; fileEncoding = 4; lastKnownFileType = sourcecode.swift; path = DecodableDataParser.swift; sourceTree = "<group>"; };
		DF6B2DB3216F4677007E2B4C /* BankAPI.swift */ = {isa = PBXFileReference; fileEncoding = 4; lastKnownFileType = sourcecode.swift; path = BankAPI.swift; sourceTree = "<group>"; };
		DF6B2DB4216F4677007E2B4C /* Pokepay.swift */ = {isa = PBXFileReference; fileEncoding = 4; lastKnownFileType = sourcecode.swift; path = Pokepay.swift; sourceTree = "<group>"; };
		DF6B2DDF216F4677007E2B4C /* RequestProxy.swift */ = {isa = PBXFileReference; fileEncoding = 4; lastKnownFileType = sourcecode.swift; path = RequestProxy.swift; sourceTree = "<group>"; };
		DF6B2DE0216F4677007E2B4C /* Cartfile */ = {isa = PBXFileReference; fileEncoding = 4; lastKnownFileType = text; path = Cartfile; sourceTree = "<group>"; };
		DF6B2DE2216F4677007E2B4C /* tutorial.html */ = {isa = PBXFileReference; fileEncoding = 4; lastKnownFileType = text.html; path = tutorial.html; sourceTree = "<group>"; };
		DF6B2DE3216F4677007E2B4C /* tutorial.md */ = {isa = PBXFileReference; fileEncoding = 4; lastKnownFileType = net.daringfireball.markdown; path = tutorial.md; sourceTree = "<group>"; };
		DF6B2DE5216F4677007E2B4C /* Pokepay.xcodeproj */ = {isa = PBXFileReference; lastKnownFileType = "wrapper.pb-project"; path = Pokepay.xcodeproj; sourceTree = "<group>"; };
		DF6B2F1E216F4678007E2B4C /* Makefile */ = {isa = PBXFileReference; fileEncoding = 4; lastKnownFileType = sourcecode.make; path = Makefile; sourceTree = "<group>"; };
		DF6B2F1F216F4678007E2B4C /* LICENSE.txt */ = {isa = PBXFileReference; fileEncoding = 4; lastKnownFileType = text; path = LICENSE.txt; sourceTree = "<group>"; };
		DF86A17C216F637600FCD979 /* Pokepay.framework */ = {isa = PBXFileReference; explicitFileType = wrapper.framework; includeInIndex = 0; path = Pokepay.framework; sourceTree = BUILT_PRODUCTS_DIR; };
		DF86A17D216F637600FCD979 /* PokepayTests.xctest */ = {isa = PBXFileReference; explicitFileType = wrapper.cfbundle; includeInIndex = 0; path = PokepayTests.xctest; sourceTree = BUILT_PRODUCTS_DIR; };
		DF9982532186AE7900A1FD71 /* CreateTransactionWithBill.swift */ = {isa = PBXFileReference; fileEncoding = 4; lastKnownFileType = sourcecode.swift; path = CreateTransactionWithBill.swift; sourceTree = "<group>"; };
		DF9982542186AE7900A1FD71 /* SendToUser.swift */ = {isa = PBXFileReference; fileEncoding = 4; lastKnownFileType = sourcecode.swift; path = SendToUser.swift; sourceTree = "<group>"; };
		DF9982552186AE7900A1FD71 /* SendToAccount.swift */ = {isa = PBXFileReference; fileEncoding = 4; lastKnownFileType = sourcecode.swift; path = SendToAccount.swift; sourceTree = "<group>"; };
		DF9982562186AE7900A1FD71 /* CreateTransactionWithCheck.swift */ = {isa = PBXFileReference; fileEncoding = 4; lastKnownFileType = sourcecode.swift; path = CreateTransactionWithCheck.swift; sourceTree = "<group>"; };
		DF9982572186AE7900A1FD71 /* CancelTransaction.swift */ = {isa = PBXFileReference; fileEncoding = 4; lastKnownFileType = sourcecode.swift; path = CancelTransaction.swift; sourceTree = "<group>"; };
		DF9982582186AE7900A1FD71 /* GetTransaction.swift */ = {isa = PBXFileReference; fileEncoding = 4; lastKnownFileType = sourcecode.swift; path = GetTransaction.swift; sourceTree = "<group>"; };
		DF9982592186AE7900A1FD71 /* CreateTransactionWithCashtray.swift */ = {isa = PBXFileReference; fileEncoding = 4; lastKnownFileType = sourcecode.swift; path = CreateTransactionWithCashtray.swift; sourceTree = "<group>"; };
		DF99825A2186AE7900A1FD71 /* CreateTransactionWithJwt.swift */ = {isa = PBXFileReference; fileEncoding = 4; lastKnownFileType = sourcecode.swift; path = CreateTransactionWithJwt.swift; sourceTree = "<group>"; };
		DF99825B2186AE7900A1FD71 /* BankAPIRequest.swift */ = {isa = PBXFileReference; fileEncoding = 4; lastKnownFileType = sourcecode.swift; path = BankAPIRequest.swift; sourceTree = "<group>"; };
		DF99825D2186AE7900A1FD71 /* SearchPrivateMoneys.swift */ = {isa = PBXFileReference; fileEncoding = 4; lastKnownFileType = sourcecode.swift; path = SearchPrivateMoneys.swift; sourceTree = "<group>"; };
		DF99825F2186AE7900A1FD71 /* DeleteBill.swift */ = {isa = PBXFileReference; fileEncoding = 4; lastKnownFileType = sourcecode.swift; path = DeleteBill.swift; sourceTree = "<group>"; };
		DF9982602186AE7900A1FD71 /* UpdateBill.swift */ = {isa = PBXFileReference; fileEncoding = 4; lastKnownFileType = sourcecode.swift; path = UpdateBill.swift; sourceTree = "<group>"; };
		DF9982612186AE7900A1FD71 /* GetBill.swift */ = {isa = PBXFileReference; fileEncoding = 4; lastKnownFileType = sourcecode.swift; path = GetBill.swift; sourceTree = "<group>"; };
		DF9982622186AE7900A1FD71 /* CreateBill.swift */ = {isa = PBXFileReference; fileEncoding = 4; lastKnownFileType = sourcecode.swift; path = CreateBill.swift; sourceTree = "<group>"; };
		DF9982632186AE7900A1FD71 /* BankAPIError.swift */ = {isa = PBXFileReference; fileEncoding = 4; lastKnownFileType = sourcecode.swift; path = BankAPIError.swift; sourceTree = "<group>"; };
		DF9982652186AE7900A1FD71 /* GetTerminal.swift */ = {isa = PBXFileReference; fileEncoding = 4; lastKnownFileType = sourcecode.swift; path = GetTerminal.swift; sourceTree = "<group>"; };
		DF9982662186AE7900A1FD71 /* UpdateTerminal.swift */ = {isa = PBXFileReference; fileEncoding = 4; lastKnownFileType = sourcecode.swift; path = UpdateTerminal.swift; sourceTree = "<group>"; };
		DF9982672186AE7900A1FD71 /* AddTerminalPublicKey.swift */ = {isa = PBXFileReference; fileEncoding = 4; lastKnownFileType = sourcecode.swift; path = AddTerminalPublicKey.swift; sourceTree = "<group>"; };
		DF9982692186AE7900A1FD71 /* UpdateUser.swift */ = {isa = PBXFileReference; fileEncoding = 4; lastKnownFileType = sourcecode.swift; path = UpdateUser.swift; sourceTree = "<group>"; };
		DF99826A2186AE7900A1FD71 /* GetUserTransactions.swift */ = {isa = PBXFileReference; fileEncoding = 4; lastKnownFileType = sourcecode.swift; path = GetUserTransactions.swift; sourceTree = "<group>"; };
		DF99826B2186AE7900A1FD71 /* RegisterUserEmail.swift */ = {isa = PBXFileReference; fileEncoding = 4; lastKnownFileType = sourcecode.swift; path = RegisterUserEmail.swift; sourceTree = "<group>"; };
		DF99826C2186AE7900A1FD71 /* DeleteUserEmail.swift */ = {isa = PBXFileReference; fileEncoding = 4; lastKnownFileType = sourcecode.swift; path = DeleteUserEmail.swift; sourceTree = "<group>"; };
		DF99826D2186AE7900A1FD71 /* GetUserAccounts.swift */ = {isa = PBXFileReference; fileEncoding = 4; lastKnownFileType = sourcecode.swift; path = GetUserAccounts.swift; sourceTree = "<group>"; };
		DF99826E2186AE7900A1FD71 /* SendConfirmationEmail.swift */ = {isa = PBXFileReference; fileEncoding = 4; lastKnownFileType = sourcecode.swift; path = SendConfirmationEmail.swift; sourceTree = "<group>"; };
		DF99826F2186AE7900A1FD71 /* AuthorizedRequest.swift */ = {isa = PBXFileReference; fileEncoding = 4; lastKnownFileType = sourcecode.swift; path = AuthorizedRequest.swift; sourceTree = "<group>"; };
		DF9982712186AE7900A1FD71 /* GetAccount.swift */ = {isa = PBXFileReference; fileEncoding = 4; lastKnownFileType = sourcecode.swift; path = GetAccount.swift; sourceTree = "<group>"; };
		DF9982722186AE7900A1FD71 /* CreateAccount.swift */ = {isa = PBXFileReference; fileEncoding = 4; lastKnownFileType = sourcecode.swift; path = CreateAccount.swift; sourceTree = "<group>"; };
		DF9982732186AE7900A1FD71 /* GetAccountTransactions.swift */ = {isa = PBXFileReference; fileEncoding = 4; lastKnownFileType = sourcecode.swift; path = GetAccountTransactions.swift; sourceTree = "<group>"; };
		DF9982742186AE7900A1FD71 /* GetBalances.swift */ = {isa = PBXFileReference; fileEncoding = 4; lastKnownFileType = sourcecode.swift; path = GetBalances.swift; sourceTree = "<group>"; };
		DF9982762186AE7900A1FD71 /* GetCheck.swift */ = {isa = PBXFileReference; fileEncoding = 4; lastKnownFileType = sourcecode.swift; path = GetCheck.swift; sourceTree = "<group>"; };
		DF9982772186AE7900A1FD71 /* CreateCheck.swift */ = {isa = PBXFileReference; fileEncoding = 4; lastKnownFileType = sourcecode.swift; path = CreateCheck.swift; sourceTree = "<group>"; };
		DF9982782186AE7900A1FD71 /* DeleteCheck.swift */ = {isa = PBXFileReference; fileEncoding = 4; lastKnownFileType = sourcecode.swift; path = DeleteCheck.swift; sourceTree = "<group>"; };
		DF9982792186AE7900A1FD71 /* UpdateCheck.swift */ = {isa = PBXFileReference; fileEncoding = 4; lastKnownFileType = sourcecode.swift; path = UpdateCheck.swift; sourceTree = "<group>"; };
		DF99827B2186AE7900A1FD71 /* UpdateCashtray.swift */ = {isa = PBXFileReference; fileEncoding = 4; lastKnownFileType = sourcecode.swift; path = UpdateCashtray.swift; sourceTree = "<group>"; };
		DF99827C2186AE7900A1FD71 /* GetCashtray.swift */ = {isa = PBXFileReference; fileEncoding = 4; lastKnownFileType = sourcecode.swift; path = GetCashtray.swift; sourceTree = "<group>"; };
		DF99827D2186AE7900A1FD71 /* CreateCashtray.swift */ = {isa = PBXFileReference; fileEncoding = 4; lastKnownFileType = sourcecode.swift; path = CreateCashtray.swift; sourceTree = "<group>"; };
		DF99827E2186AE7900A1FD71 /* DeleteCashtray.swift */ = {isa = PBXFileReference; fileEncoding = 4; lastKnownFileType = sourcecode.swift; path = DeleteCashtray.swift; sourceTree = "<group>"; };
		DF9982A52186AECB00A1FD71 /* AccountBalance.swift */ = {isa = PBXFileReference; fileEncoding = 4; lastKnownFileType = sourcecode.swift; path = AccountBalance.swift; sourceTree = "<group>"; };
		DF9982A62186AECB00A1FD71 /* NoContent.swift */ = {isa = PBXFileReference; fileEncoding = 4; lastKnownFileType = sourcecode.swift; path = NoContent.swift; sourceTree = "<group>"; };
		DF9982A72186AECB00A1FD71 /* Error.swift */ = {isa = PBXFileReference; fileEncoding = 4; lastKnownFileType = sourcecode.swift; path = Error.swift; sourceTree = "<group>"; };
		DF9982A82186AECB00A1FD71 /* Terminal.swift */ = {isa = PBXFileReference; fileEncoding = 4; lastKnownFileType = sourcecode.swift; path = Terminal.swift; sourceTree = "<group>"; };
		DF9982A92186AECB00A1FD71 /* AccessToken.swift */ = {isa = PBXFileReference; fileEncoding = 4; lastKnownFileType = sourcecode.swift; path = AccessToken.swift; sourceTree = "<group>"; };
		DF9982AA2186AECB00A1FD71 /* PaginatedAccountBalances.swift */ = {isa = PBXFileReference; fileEncoding = 4; lastKnownFileType = sourcecode.swift; path = PaginatedAccountBalances.swift; sourceTree = "<group>"; };
		DF9982AB2186AECB00A1FD71 /* Organization.swift */ = {isa = PBXFileReference; fileEncoding = 4; lastKnownFileType = sourcecode.swift; path = Organization.swift; sourceTree = "<group>"; };
		DF9982AC2186AECB00A1FD71 /* User.swift */ = {isa = PBXFileReference; fileEncoding = 4; lastKnownFileType = sourcecode.swift; path = User.swift; sourceTree = "<group>"; };
		DF9982AD2186AECB00A1FD71 /* Cashtray.swift */ = {isa = PBXFileReference; fileEncoding = 4; lastKnownFileType = sourcecode.swift; path = Cashtray.swift; sourceTree = "<group>"; };
		DF9982AE2186AECB00A1FD71 /* PaginatedTransactions.swift */ = {isa = PBXFileReference; fileEncoding = 4; lastKnownFileType = sourcecode.swift; path = PaginatedTransactions.swift; sourceTree = "<group>"; };
		DF9982AF2186AECB00A1FD71 /* Check.swift */ = {isa = PBXFileReference; fileEncoding = 4; lastKnownFileType = sourcecode.swift; path = Check.swift; sourceTree = "<group>"; };
		DF9982B02186AECB00A1FD71 /* PaginatedPrivateMoneys.swift */ = {isa = PBXFileReference; fileEncoding = 4; lastKnownFileType = sourcecode.swift; path = PaginatedPrivateMoneys.swift; sourceTree = "<group>"; };
		DF9982B12186AECB00A1FD71 /* UserTransaction.swift */ = {isa = PBXFileReference; fileEncoding = 4; lastKnownFileType = sourcecode.swift; path = UserTransaction.swift; sourceTree = "<group>"; };
		DF9982B22186AECB00A1FD71 /* Bill.swift */ = {isa = PBXFileReference; fileEncoding = 4; lastKnownFileType = sourcecode.swift; path = Bill.swift; sourceTree = "<group>"; };
		DF9982B32186AECB00A1FD71 /* Account.swift */ = {isa = PBXFileReference; fileEncoding = 4; lastKnownFileType = sourcecode.swift; path = Account.swift; sourceTree = "<group>"; };
		DF9982B42186AECB00A1FD71 /* PrivateMoney.swift */ = {isa = PBXFileReference; fileEncoding = 4; lastKnownFileType = sourcecode.swift; path = PrivateMoney.swift; sourceTree = "<group>"; };
		DF9982B52186AECB00A1FD71 /* PaginatedAccounts.swift */ = {isa = PBXFileReference; fileEncoding = 4; lastKnownFileType = sourcecode.swift; path = PaginatedAccounts.swift; sourceTree = "<group>"; };
/* End PBXFileReference section */

/* Begin PBXFrameworksBuildPhase section */
		OBJ_227 /* Frameworks */ = {
			isa = PBXFrameworksBuildPhase;
			buildActionMask = 0;
			files = (
			);
			runOnlyForDeploymentPostprocessing = 0;
		};
		OBJ_250 /* Frameworks */ = {
			isa = PBXFrameworksBuildPhase;
			buildActionMask = 0;
			files = (
			);
			runOnlyForDeploymentPostprocessing = 0;
		};
/* End PBXFrameworksBuildPhase section */

/* Begin PBXGroup section */
		DF6B2D99216F4677007E2B4C /* Sources */ = {
			isa = PBXGroup;
			children = (
				DF6B2D9A216F4677007E2B4C /* Pokepay */,
			);
			path = Sources;
			sourceTree = "<group>";
		};
		DF6B2D9A216F4677007E2B4C /* Pokepay */ = {
			isa = PBXGroup;
			children = (
				DF6B2D9B216F4677007E2B4C /* OAuthAPI.swift */,
				DF6B2D9C216F4677007E2B4C /* OAuthAPI */,
				DF9982A42186AECB00A1FD71 /* Responses */,
				DF6B2DB1216F4677007E2B4C /* Env.swift */,
				DF6B2DB2216F4677007E2B4C /* DecodableDataParser.swift */,
				DF6B2DB3216F4677007E2B4C /* BankAPI.swift */,
				DF6B2DB4216F4677007E2B4C /* Pokepay.swift */,
				DF9982512186AE7900A1FD71 /* BankAPI */,
				DF6B2DDF216F4677007E2B4C /* RequestProxy.swift */,
			);
			path = Pokepay;
			sourceTree = "<group>";
		};
		DF6B2D9C216F4677007E2B4C /* OAuthAPI */ = {
			isa = PBXGroup;
			children = (
				DF6B2D9D216F4677007E2B4C /* Token */,
				DF6B2D9F216F4677007E2B4C /* OAuthAPIError.swift */,
				DF6B2DA0216F4677007E2B4C /* OAuthEnvRequest.swift */,
				DF6B2DA1216F4677007E2B4C /* OAuthAPIRequest.swift */,
			);
			path = OAuthAPI;
			sourceTree = "<group>";
		};
		DF6B2D9D216F4677007E2B4C /* Token */ = {
			isa = PBXGroup;
			children = (
				DF6B2D9E216F4677007E2B4C /* ExchangeAuthCode.swift */,
			);
			path = Token;
			sourceTree = "<group>";
		};
		DF6B2DE1216F4677007E2B4C /* docs */ = {
			isa = PBXGroup;
			children = (
				DF6B2DE2216F4677007E2B4C /* tutorial.html */,
				DF6B2DE3216F4677007E2B4C /* tutorial.md */,
			);
			path = docs;
			sourceTree = "<group>";
		};
		DF6B2DE6216F4677007E2B4C /* Products */ = {
			isa = PBXGroup;
			name = Products;
			sourceTree = "<group>";
		};
		DF9982512186AE7900A1FD71 /* BankAPI */ = {
			isa = PBXGroup;
			children = (
				DF9982522186AE7900A1FD71 /* Transaction */,
				DF99825B2186AE7900A1FD71 /* BankAPIRequest.swift */,
				DF99825C2186AE7900A1FD71 /* PrivateMoney */,
				DF99825E2186AE7900A1FD71 /* Bill */,
				DF9982632186AE7900A1FD71 /* BankAPIError.swift */,
				DF9982642186AE7900A1FD71 /* Terminal */,
				DF9982682186AE7900A1FD71 /* User */,
				DF99826F2186AE7900A1FD71 /* AuthorizedRequest.swift */,
				DF9982702186AE7900A1FD71 /* Account */,
				DF9982752186AE7900A1FD71 /* Check */,
				DF99827A2186AE7900A1FD71 /* Cashtray */,
			);
			path = BankAPI;
			sourceTree = "<group>";
		};
		DF9982522186AE7900A1FD71 /* Transaction */ = {
			isa = PBXGroup;
			children = (
				DF9982532186AE7900A1FD71 /* CreateTransactionWithBill.swift */,
				DF9982542186AE7900A1FD71 /* SendToUser.swift */,
				DF9982552186AE7900A1FD71 /* SendToAccount.swift */,
				DF9982562186AE7900A1FD71 /* CreateTransactionWithCheck.swift */,
				DF9982572186AE7900A1FD71 /* CancelTransaction.swift */,
				DF9982582186AE7900A1FD71 /* GetTransaction.swift */,
				DF9982592186AE7900A1FD71 /* CreateTransactionWithCashtray.swift */,
				DF99825A2186AE7900A1FD71 /* CreateTransactionWithJwt.swift */,
			);
			path = Transaction;
			sourceTree = "<group>";
		};
		DF99825C2186AE7900A1FD71 /* PrivateMoney */ = {
			isa = PBXGroup;
			children = (
				DF99825D2186AE7900A1FD71 /* SearchPrivateMoneys.swift */,
			);
			path = PrivateMoney;
			sourceTree = "<group>";
		};
		DF99825E2186AE7900A1FD71 /* Bill */ = {
			isa = PBXGroup;
			children = (
				DF99825F2186AE7900A1FD71 /* DeleteBill.swift */,
				DF9982602186AE7900A1FD71 /* UpdateBill.swift */,
				DF9982612186AE7900A1FD71 /* GetBill.swift */,
				DF9982622186AE7900A1FD71 /* CreateBill.swift */,
			);
			path = Bill;
			sourceTree = "<group>";
		};
		DF9982642186AE7900A1FD71 /* Terminal */ = {
			isa = PBXGroup;
			children = (
				DF9982652186AE7900A1FD71 /* GetTerminal.swift */,
				DF9982662186AE7900A1FD71 /* UpdateTerminal.swift */,
				DF9982672186AE7900A1FD71 /* AddTerminalPublicKey.swift */,
			);
			path = Terminal;
			sourceTree = "<group>";
		};
		DF9982682186AE7900A1FD71 /* User */ = {
			isa = PBXGroup;
			children = (
				DF9982692186AE7900A1FD71 /* UpdateUser.swift */,
				DF99826A2186AE7900A1FD71 /* GetUserTransactions.swift */,
				DF99826B2186AE7900A1FD71 /* RegisterUserEmail.swift */,
				DF99826C2186AE7900A1FD71 /* DeleteUserEmail.swift */,
				DF99826D2186AE7900A1FD71 /* GetUserAccounts.swift */,
				DF99826E2186AE7900A1FD71 /* SendConfirmationEmail.swift */,
			);
			path = User;
			sourceTree = "<group>";
		};
		DF9982702186AE7900A1FD71 /* Account */ = {
			isa = PBXGroup;
			children = (
				DF9982712186AE7900A1FD71 /* GetAccount.swift */,
				DF9982722186AE7900A1FD71 /* CreateAccount.swift */,
				DF9982732186AE7900A1FD71 /* GetAccountTransactions.swift */,
				DF9982742186AE7900A1FD71 /* GetBalances.swift */,
			);
			path = Account;
			sourceTree = "<group>";
		};
		DF9982752186AE7900A1FD71 /* Check */ = {
			isa = PBXGroup;
			children = (
				DF9982762186AE7900A1FD71 /* GetCheck.swift */,
				DF9982772186AE7900A1FD71 /* CreateCheck.swift */,
				DF9982782186AE7900A1FD71 /* DeleteCheck.swift */,
				DF9982792186AE7900A1FD71 /* UpdateCheck.swift */,
			);
			path = Check;
			sourceTree = "<group>";
		};
		DF99827A2186AE7900A1FD71 /* Cashtray */ = {
			isa = PBXGroup;
			children = (
				DF99827B2186AE7900A1FD71 /* UpdateCashtray.swift */,
				DF99827C2186AE7900A1FD71 /* GetCashtray.swift */,
				DF99827D2186AE7900A1FD71 /* CreateCashtray.swift */,
				DF99827E2186AE7900A1FD71 /* DeleteCashtray.swift */,
			);
			path = Cashtray;
			sourceTree = "<group>";
		};
		DF9982A42186AECB00A1FD71 /* Responses */ = {
			isa = PBXGroup;
			children = (
				DF9982A52186AECB00A1FD71 /* AccountBalance.swift */,
				DF9982A62186AECB00A1FD71 /* NoContent.swift */,
				DF9982A72186AECB00A1FD71 /* Error.swift */,
				DF9982A82186AECB00A1FD71 /* Terminal.swift */,
				DF9982A92186AECB00A1FD71 /* AccessToken.swift */,
				DF9982AA2186AECB00A1FD71 /* PaginatedAccountBalances.swift */,
				DF9982AB2186AECB00A1FD71 /* Organization.swift */,
				DF9982AC2186AECB00A1FD71 /* User.swift */,
				DF9982AD2186AECB00A1FD71 /* Cashtray.swift */,
				DF9982AE2186AECB00A1FD71 /* PaginatedTransactions.swift */,
				DF9982AF2186AECB00A1FD71 /* Check.swift */,
				DF9982B02186AECB00A1FD71 /* PaginatedPrivateMoneys.swift */,
				DF9982B12186AECB00A1FD71 /* UserTransaction.swift */,
				DF9982B22186AECB00A1FD71 /* Bill.swift */,
				DF9982B32186AECB00A1FD71 /* Account.swift */,
				DF9982B42186AECB00A1FD71 /* PrivateMoney.swift */,
				DF9982B52186AECB00A1FD71 /* PaginatedAccounts.swift */,
			);
			name = Responses;
			path = Sources/Pokepay/Responses;
			sourceTree = SOURCE_ROOT;
		};
		OBJ_5 = {
			isa = PBXGroup;
			children = (
				DF6B2DE0216F4677007E2B4C /* Cartfile */,
				DF6B2D97216F4677007E2B4C /* Cartfile.resolved */,
				DF6B2DE1216F4677007E2B4C /* docs */,
				DF6B2F1F216F4678007E2B4C /* LICENSE.txt */,
				DF6B2F1E216F4678007E2B4C /* Makefile */,
				DF6B2DE5216F4677007E2B4C /* Pokepay.xcodeproj */,
				DF6B2D98216F4677007E2B4C /* README.md */,
				DF6B2D99216F4677007E2B4C /* Sources */,
				DF86A17C216F637600FCD979 /* Pokepay.framework */,
				DF86A17D216F637600FCD979 /* PokepayTests.xctest */,
			);
			sourceTree = "<group>";
		};
/* End PBXGroup section */

/* Begin PBXNativeTarget section */
		"Pokepay::Pokepay" /* Pokepay */ = {
			isa = PBXNativeTarget;
			buildConfigurationList = OBJ_165 /* Build configuration list for PBXNativeTarget "Pokepay" */;
			buildPhases = (
				OBJ_168 /* Sources */,
				OBJ_227 /* Frameworks */,
				DFD43440216F3C6500B4E006 /* ShellScript */,
			);
			buildRules = (
			);
			dependencies = (
			);
			name = Pokepay;
			productName = Pokepay;
			productReference = DF86A17C216F637600FCD979 /* Pokepay.framework */;
			productType = "com.apple.product-type.framework";
		};
		"Pokepay::PokepayTests" /* PokepayTests */ = {
			isa = PBXNativeTarget;
			buildConfigurationList = OBJ_244 /* Build configuration list for PBXNativeTarget "PokepayTests" */;
			buildPhases = (
				OBJ_247 /* Sources */,
				OBJ_250 /* Frameworks */,
			);
			buildRules = (
			);
			dependencies = (
				OBJ_254 /* PBXTargetDependency */,
			);
			name = PokepayTests;
			productName = PokepayTests;
			productReference = DF86A17D216F637600FCD979 /* PokepayTests.xctest */;
			productType = "com.apple.product-type.bundle.unit-test";
		};
/* End PBXNativeTarget section */

/* Begin PBXProject section */
		OBJ_1 /* Project object */ = {
			isa = PBXProject;
			attributes = {
				LastUpgradeCheck = 9999;
				TargetAttributes = {
					"Pokepay::Pokepay" = {
						LastSwiftMigration = 1000;
					};
					"Pokepay::PokepayTests" = {
						LastSwiftMigration = 1000;
					};
				};
			};
			buildConfigurationList = OBJ_2 /* Build configuration list for PBXProject "Pokepay" */;
			compatibilityVersion = "Xcode 3.2";
			developmentRegion = English;
			hasScannedForEncodings = 0;
			knownRegions = (
				en,
			);
			mainGroup = OBJ_5;
			productRefGroup = OBJ_5;
			projectDirPath = "";
			projectReferences = (
				{
					ProductGroup = DF6B2DE6216F4677007E2B4C /* Products */;
					ProjectRef = DF6B2DE5216F4677007E2B4C /* Pokepay.xcodeproj */;
				},
			);
			projectRoot = "";
			targets = (
				"Pokepay::Pokepay" /* Pokepay */,
				"Pokepay::PokepayTests" /* PokepayTests */,
			);
		};
/* End PBXProject section */

/* Begin PBXShellScriptBuildPhase section */
		DFD43440216F3C6500B4E006 /* ShellScript */ = {
			isa = PBXShellScriptBuildPhase;
			buildActionMask = 2147483647;
			files = (
			);
			inputFileListPaths = (
			);
			inputPaths = (
				"$(SRCROOT)/Carthage/Build/iOS/Result.framework",
				"$(SRCROOT)/Carthage/Build/iOS/APIKit.framework",
			);
			outputFileListPaths = (
			);
			outputPaths = (
				"$(BUILT_PRODUCTS_DIR)/$(FRAMEWORKS_FOLDER_PATH)/Result.framework",
				"$(BUILT_PRODUCTS_DIR)/$(FRAMEWORKS_FOLDER_PATH)/APIKit.framework",
			);
			runOnlyForDeploymentPostprocessing = 0;
			shellPath = /bin/sh;
			shellScript = "/usr/local/bin/carthage copy-frameworks\n";
		};
/* End PBXShellScriptBuildPhase section */

/* Begin PBXSourcesBuildPhase section */
		OBJ_168 /* Sources */ = {
			isa = PBXSourcesBuildPhase;
			buildActionMask = 0;
			files = (
				DF9982812186AE7900A1FD71 /* SendToAccount.swift in Sources */,
				DF9982A32186AE7900A1FD71 /* DeleteCashtray.swift in Sources */,
				DF9982B72186AECB00A1FD71 /* NoContent.swift in Sources */,
				DF9982B82186AECB00A1FD71 /* Error.swift in Sources */,
				DF9982A12186AE7900A1FD71 /* GetCashtray.swift in Sources */,
				DF9982C02186AECB00A1FD71 /* Check.swift in Sources */,
				DF9982C12186AECB00A1FD71 /* PaginatedPrivateMoneys.swift in Sources */,
				DF99829B2186AE7900A1FD71 /* GetBalances.swift in Sources */,
				DF9982BA2186AECB00A1FD71 /* AccessToken.swift in Sources */,
				DF9982992186AE7900A1FD71 /* CreateAccount.swift in Sources */,
				DF9982902186AE7900A1FD71 /* AddTerminalPublicKey.swift in Sources */,
				DF9982952186AE7900A1FD71 /* GetUserAccounts.swift in Sources */,
				DF99828C2186AE7900A1FD71 /* CreateBill.swift in Sources */,
				DF9982BE2186AECB00A1FD71 /* Cashtray.swift in Sources */,
				DF9982842186AE7900A1FD71 /* GetTransaction.swift in Sources */,
				DF9982862186AE7900A1FD71 /* CreateTransactionWithJwt.swift in Sources */,
				DF99828A2186AE7900A1FD71 /* UpdateBill.swift in Sources */,
				DF9982A02186AE7900A1FD71 /* UpdateCashtray.swift in Sources */,
				DF9982962186AE7900A1FD71 /* SendConfirmationEmail.swift in Sources */,
				DF6B2F93216F4678007E2B4C /* RequestProxy.swift in Sources */,
				DF9982BB2186AECB00A1FD71 /* PaginatedAccountBalances.swift in Sources */,
				DF9982C32186AECB00A1FD71 /* Bill.swift in Sources */,
				DF6B2F21216F4678007E2B4C /* OAuthAPI.swift in Sources */,
				DF9982B92186AECB00A1FD71 /* Terminal.swift in Sources */,
				DF6B2F49216F4678007E2B4C /* DecodableDataParser.swift in Sources */,
				DF9982922186AE7900A1FD71 /* GetUserTransactions.swift in Sources */,
				DF6B2F47216F4678007E2B4C /* Env.swift in Sources */,
				DF9982BF2186AECB00A1FD71 /* PaginatedTransactions.swift in Sources */,
				DF9982982186AE7900A1FD71 /* GetAccount.swift in Sources */,
				DF9982822186AE7900A1FD71 /* CreateTransactionWithCheck.swift in Sources */,
				DF9982C42186AECB00A1FD71 /* Account.swift in Sources */,
				DF9982C52186AECB00A1FD71 /* PrivateMoney.swift in Sources */,
				DF9982832186AE7900A1FD71 /* CancelTransaction.swift in Sources */,
				DF6B2F25216F4678007E2B4C /* OAuthAPIError.swift in Sources */,
				DF6B2F29216F4678007E2B4C /* OAuthAPIRequest.swift in Sources */,
				DF6B2F23216F4678007E2B4C /* ExchangeAuthCode.swift in Sources */,
				DF9982892186AE7900A1FD71 /* DeleteBill.swift in Sources */,
				DF9982BC2186AECB00A1FD71 /* Organization.swift in Sources */,
				DF9982932186AE7900A1FD71 /* RegisterUserEmail.swift in Sources */,
				DF99828D2186AE7900A1FD71 /* BankAPIError.swift in Sources */,
				DF9982A22186AE7900A1FD71 /* CreateCashtray.swift in Sources */,
				DF99829D2186AE7900A1FD71 /* CreateCheck.swift in Sources */,
				DF9982972186AE7900A1FD71 /* AuthorizedRequest.swift in Sources */,
				DF99828E2186AE7900A1FD71 /* GetTerminal.swift in Sources */,
				DF9982802186AE7900A1FD71 /* SendToUser.swift in Sources */,
				DF99829A2186AE7900A1FD71 /* GetAccountTransactions.swift in Sources */,
				DF9982BD2186AECB00A1FD71 /* User.swift in Sources */,
				DF9982872186AE7900A1FD71 /* BankAPIRequest.swift in Sources */,
				DF9982B62186AECB00A1FD71 /* AccountBalance.swift in Sources */,
				DF99827F2186AE7900A1FD71 /* CreateTransactionWithBill.swift in Sources */,
				DF9982882186AE7900A1FD71 /* SearchPrivateMoneys.swift in Sources */,
				DF99829C2186AE7900A1FD71 /* GetCheck.swift in Sources */,
				DF9982C62186AECB00A1FD71 /* PaginatedAccounts.swift in Sources */,
				DF9982942186AE7900A1FD71 /* DeleteUserEmail.swift in Sources */,
				DF99828F2186AE7900A1FD71 /* UpdateTerminal.swift in Sources */,
				DF6B2F27216F4678007E2B4C /* OAuthEnvRequest.swift in Sources */,
				DF99828B2186AE7900A1FD71 /* GetBill.swift in Sources */,
				DF99829E2186AE7900A1FD71 /* DeleteCheck.swift in Sources */,
				DF6B3049216F4679007E2B4C /* Makefile in Sources */,
				DF6B2F4B216F4678007E2B4C /* BankAPI.swift in Sources */,
				DF6B2F4D216F4678007E2B4C /* Pokepay.swift in Sources */,
				DF9982852186AE7900A1FD71 /* CreateTransactionWithCashtray.swift in Sources */,
				DF9982912186AE7900A1FD71 /* UpdateUser.swift in Sources */,
				DF9982C22186AECB00A1FD71 /* UserTransaction.swift in Sources */,
				DF99829F2186AE7900A1FD71 /* UpdateCheck.swift in Sources */,
			);
			runOnlyForDeploymentPostprocessing = 0;
		};
		OBJ_247 /* Sources */ = {
			isa = PBXSourcesBuildPhase;
			buildActionMask = 0;
			files = (
				DF6B2F94216F4678007E2B4C /* RequestProxy.swift in Sources */,
				DF6B2F22216F4678007E2B4C /* OAuthAPI.swift in Sources */,
				DF6B2F4A216F4678007E2B4C /* DecodableDataParser.swift in Sources */,
				DF6B2F48216F4678007E2B4C /* Env.swift in Sources */,
				DF6B2F26216F4678007E2B4C /* OAuthAPIError.swift in Sources */,
				DF6B2F2A216F4678007E2B4C /* OAuthAPIRequest.swift in Sources */,
				DF6B2F24216F4678007E2B4C /* ExchangeAuthCode.swift in Sources */,
				DF6B2F28216F4678007E2B4C /* OAuthEnvRequest.swift in Sources */,
				DF6B304A216F4679007E2B4C /* Makefile in Sources */,
				DF6B2F4C216F4678007E2B4C /* BankAPI.swift in Sources */,
				DF6B2F4E216F4678007E2B4C /* Pokepay.swift in Sources */,
			);
			runOnlyForDeploymentPostprocessing = 0;
		};
/* End PBXSourcesBuildPhase section */

/* Begin PBXTargetDependency section */
		OBJ_254 /* PBXTargetDependency */ = {
			isa = PBXTargetDependency;
			target = "Pokepay::Pokepay" /* Pokepay */;
			targetProxy = DFD4343C216F3BCB00B4E006 /* PBXContainerItemProxy */;
		};
/* End PBXTargetDependency section */

/* Begin XCBuildConfiguration section */
		OBJ_166 /* Debug */ = {
			isa = XCBuildConfiguration;
			buildSettings = {
				CLANG_ENABLE_MODULES = YES;
				DEFINES_MODULE = YES;
				ENABLE_TESTABILITY = YES;
				FRAMEWORK_SEARCH_PATHS = (
					"$(inherited)",
					"$(PLATFORM_DIR)/Developer/Library/Frameworks",
					"$(PROJECT_DIR)/Carthage/Build/iOS",
					"$(PROJECT_DIR)/Carthage/Checkouts/APIKit/Carthage/Build/watchOS",
					"$(PROJECT_DIR)/Carthage/Checkouts/APIKit/Carthage/Build/iOS",
					"$(PROJECT_DIR)/Carthage/Checkouts/APIKit/Carthage/Build/Mac",
					"$(PROJECT_DIR)/Carthage/Checkouts/APIKit/Carthage/Build/tvOS",
					"$(PROJECT_DIR)/Carthage/Build/watchOS",
					"$(PROJECT_DIR)/Carthage/Build/Mac",
					"$(PROJECT_DIR)/Carthage/Build/tvOS",
				);
				HEADER_SEARCH_PATHS = "$(inherited)";
				INFOPLIST_FILE = Pokepay.xcodeproj/Pokepay_Info.plist;
				IPHONEOS_DEPLOYMENT_TARGET = 8.4;
				LD_RUNPATH_SEARCH_PATHS = "$(inherited) $(TOOLCHAIN_DIR)/usr/lib/swift/macosx";
				OTHER_CFLAGS = "$(inherited)";
				OTHER_LDFLAGS = "$(inherited)";
				OTHER_SWIFT_FLAGS = "$(inherited)";
				PRODUCT_BUNDLE_IDENTIFIER = Pokepay;
				PRODUCT_MODULE_NAME = "$(TARGET_NAME:c99extidentifier)";
				PRODUCT_NAME = "$(TARGET_NAME:c99extidentifier)";
				SDKROOT = iphoneos;
				SKIP_INSTALL = YES;
				SWIFT_ACTIVE_COMPILATION_CONDITIONS = "$(inherited)";
				SWIFT_OPTIMIZATION_LEVEL = "-Onone";
				SWIFT_VERSION = 4.0;
				TARGET_NAME = Pokepay;
			};
			name = Debug;
		};
		OBJ_167 /* Release */ = {
			isa = XCBuildConfiguration;
			buildSettings = {
				CLANG_ENABLE_MODULES = YES;
				DEFINES_MODULE = YES;
				ENABLE_TESTABILITY = YES;
				FRAMEWORK_SEARCH_PATHS = (
					"$(inherited)",
					"$(PLATFORM_DIR)/Developer/Library/Frameworks",
					"$(PROJECT_DIR)/Carthage/Build/iOS",
					"$(PROJECT_DIR)/Carthage/Checkouts/APIKit/Carthage/Build/watchOS",
					"$(PROJECT_DIR)/Carthage/Checkouts/APIKit/Carthage/Build/iOS",
					"$(PROJECT_DIR)/Carthage/Checkouts/APIKit/Carthage/Build/Mac",
					"$(PROJECT_DIR)/Carthage/Checkouts/APIKit/Carthage/Build/tvOS",
					"$(PROJECT_DIR)/Carthage/Build/watchOS",
					"$(PROJECT_DIR)/Carthage/Build/Mac",
					"$(PROJECT_DIR)/Carthage/Build/tvOS",
				);
				HEADER_SEARCH_PATHS = "$(inherited)";
				INFOPLIST_FILE = Pokepay.xcodeproj/Pokepay_Info.plist;
				IPHONEOS_DEPLOYMENT_TARGET = 8.4;
				LD_RUNPATH_SEARCH_PATHS = "$(inherited) $(TOOLCHAIN_DIR)/usr/lib/swift/macosx";
				OTHER_CFLAGS = "$(inherited)";
				OTHER_LDFLAGS = "$(inherited)";
				OTHER_SWIFT_FLAGS = "$(inherited)";
				PRODUCT_BUNDLE_IDENTIFIER = Pokepay;
				PRODUCT_MODULE_NAME = "$(TARGET_NAME:c99extidentifier)";
				PRODUCT_NAME = "$(TARGET_NAME:c99extidentifier)";
				SDKROOT = iphoneos;
				SKIP_INSTALL = YES;
				SWIFT_ACTIVE_COMPILATION_CONDITIONS = "$(inherited)";
				SWIFT_VERSION = 4.0;
				TARGET_NAME = Pokepay;
			};
			name = Release;
		};
		OBJ_245 /* Debug */ = {
			isa = XCBuildConfiguration;
			buildSettings = {
				ALWAYS_EMBED_SWIFT_STANDARD_LIBRARIES = YES;
				CLANG_ENABLE_MODULES = YES;
				EMBEDDED_CONTENT_CONTAINS_SWIFT = YES;
				FRAMEWORK_SEARCH_PATHS = (
					"$(inherited)",
					"$(PLATFORM_DIR)/Developer/Library/Frameworks",
					"$(PROJECT_DIR)/Carthage/Checkouts/APIKit/Carthage/Build/watchOS",
					"$(PROJECT_DIR)/Carthage/Checkouts/APIKit/Carthage/Build/iOS",
					"$(PROJECT_DIR)/Carthage/Checkouts/APIKit/Carthage/Build/Mac",
					"$(PROJECT_DIR)/Carthage/Checkouts/APIKit/Carthage/Build/tvOS",
					"$(PROJECT_DIR)/Carthage/Build/watchOS",
					"$(PROJECT_DIR)/Carthage/Build/iOS",
					"$(PROJECT_DIR)/Carthage/Build/Mac",
					"$(PROJECT_DIR)/Carthage/Build/tvOS",
				);
				HEADER_SEARCH_PATHS = "$(inherited)";
				INFOPLIST_FILE = Pokepay.xcodeproj/PokepayTests_Info.plist;
				LD_RUNPATH_SEARCH_PATHS = "$(inherited) @loader_path/../Frameworks @loader_path/Frameworks";
				OTHER_CFLAGS = "$(inherited)";
				OTHER_LDFLAGS = "$(inherited)";
				OTHER_SWIFT_FLAGS = "$(inherited)";
				SWIFT_ACTIVE_COMPILATION_CONDITIONS = "$(inherited)";
				SWIFT_OPTIMIZATION_LEVEL = "-Onone";
				SWIFT_VERSION = 4.0;
				TARGET_NAME = PokepayTests;
			};
			name = Debug;
		};
		OBJ_246 /* Release */ = {
			isa = XCBuildConfiguration;
			buildSettings = {
				ALWAYS_EMBED_SWIFT_STANDARD_LIBRARIES = YES;
				CLANG_ENABLE_MODULES = YES;
				EMBEDDED_CONTENT_CONTAINS_SWIFT = YES;
				FRAMEWORK_SEARCH_PATHS = (
					"$(inherited)",
					"$(PLATFORM_DIR)/Developer/Library/Frameworks",
					"$(PROJECT_DIR)/Carthage/Checkouts/APIKit/Carthage/Build/watchOS",
					"$(PROJECT_DIR)/Carthage/Checkouts/APIKit/Carthage/Build/iOS",
					"$(PROJECT_DIR)/Carthage/Checkouts/APIKit/Carthage/Build/Mac",
					"$(PROJECT_DIR)/Carthage/Checkouts/APIKit/Carthage/Build/tvOS",
					"$(PROJECT_DIR)/Carthage/Build/watchOS",
					"$(PROJECT_DIR)/Carthage/Build/iOS",
					"$(PROJECT_DIR)/Carthage/Build/Mac",
					"$(PROJECT_DIR)/Carthage/Build/tvOS",
				);
				HEADER_SEARCH_PATHS = "$(inherited)";
				INFOPLIST_FILE = Pokepay.xcodeproj/PokepayTests_Info.plist;
				LD_RUNPATH_SEARCH_PATHS = "$(inherited) @loader_path/../Frameworks @loader_path/Frameworks";
				OTHER_CFLAGS = "$(inherited)";
				OTHER_LDFLAGS = "$(inherited)";
				OTHER_SWIFT_FLAGS = "$(inherited)";
				SWIFT_ACTIVE_COMPILATION_CONDITIONS = "$(inherited)";
				SWIFT_VERSION = 4.0;
				TARGET_NAME = PokepayTests;
			};
			name = Release;
		};
		OBJ_3 /* Debug */ = {
			isa = XCBuildConfiguration;
			buildSettings = {
				CLANG_ENABLE_OBJC_ARC = YES;
				COMBINE_HIDPI_IMAGES = YES;
				COPY_PHASE_STRIP = NO;
				DEBUG_INFORMATION_FORMAT = dwarf;
				DYLIB_INSTALL_NAME_BASE = "@rpath";
				ENABLE_NS_ASSERTIONS = YES;
				GCC_OPTIMIZATION_LEVEL = 0;
				GCC_PREPROCESSOR_DEFINITIONS = (
					"DEBUG=1",
					"$(inherited)",
				);
				MACOSX_DEPLOYMENT_TARGET = 10.10;
				ONLY_ACTIVE_ARCH = YES;
				OTHER_SWIFT_FLAGS = "-DXcode";
				PRODUCT_NAME = "$(TARGET_NAME)";
				SDKROOT = macosx;
				SUPPORTED_PLATFORMS = "macosx iphoneos iphonesimulator appletvos appletvsimulator watchos watchsimulator";
				SWIFT_ACTIVE_COMPILATION_CONDITIONS = "SWIFT_PACKAGE DEBUG";
				SWIFT_OPTIMIZATION_LEVEL = "-Onone";
				USE_HEADERMAP = NO;
			};
			name = Debug;
		};
		OBJ_4 /* Release */ = {
			isa = XCBuildConfiguration;
			buildSettings = {
				CLANG_ENABLE_OBJC_ARC = YES;
				COMBINE_HIDPI_IMAGES = YES;
				COPY_PHASE_STRIP = YES;
				DEBUG_INFORMATION_FORMAT = "dwarf-with-dsym";
				DYLIB_INSTALL_NAME_BASE = "@rpath";
				GCC_OPTIMIZATION_LEVEL = s;
				MACOSX_DEPLOYMENT_TARGET = 10.10;
				OTHER_SWIFT_FLAGS = "-DXcode";
				PRODUCT_NAME = "$(TARGET_NAME)";
				SDKROOT = macosx;
				SUPPORTED_PLATFORMS = "macosx iphoneos iphonesimulator appletvos appletvsimulator watchos watchsimulator";
				SWIFT_ACTIVE_COMPILATION_CONDITIONS = SWIFT_PACKAGE;
				SWIFT_OPTIMIZATION_LEVEL = "-Owholemodule";
				USE_HEADERMAP = NO;
			};
			name = Release;
		};
/* End XCBuildConfiguration section */

/* Begin XCConfigurationList section */
		OBJ_165 /* Build configuration list for PBXNativeTarget "Pokepay" */ = {
			isa = XCConfigurationList;
			buildConfigurations = (
				OBJ_166 /* Debug */,
				OBJ_167 /* Release */,
			);
			defaultConfigurationIsVisible = 0;
			defaultConfigurationName = Release;
		};
		OBJ_2 /* Build configuration list for PBXProject "Pokepay" */ = {
			isa = XCConfigurationList;
			buildConfigurations = (
				OBJ_3 /* Debug */,
				OBJ_4 /* Release */,
			);
			defaultConfigurationIsVisible = 0;
			defaultConfigurationName = Release;
		};
		OBJ_244 /* Build configuration list for PBXNativeTarget "PokepayTests" */ = {
			isa = XCConfigurationList;
			buildConfigurations = (
				OBJ_245 /* Debug */,
				OBJ_246 /* Release */,
			);
			defaultConfigurationIsVisible = 0;
			defaultConfigurationName = Release;
		};
/* End XCConfigurationList section */
	};
	rootObject = OBJ_1 /* Project object */;
}
