// !$*UTF8*$!
{
	archiveVersion = 1;
	classes = {
	};
	objectVersion = 46;
	objects = {

/* Begin PBXBuildFile section */
		B415E50521B9110E009843DB /* BLEController.swift in Sources */ = {isa = PBXBuildFile; fileRef = B415E50121B9110D009843DB /* BLEController.swift */; };
		B415E50621B9110E009843DB /* Cypher.swift in Sources */ = {isa = PBXBuildFile; fileRef = B415E50321B9110E009843DB /* Cypher.swift */; };
		B415E50721B9110E009843DB /* RegexCase.swift in Sources */ = {isa = PBXBuildFile; fileRef = B415E50421B9110E009843DB /* RegexCase.swift */; };
		B415E51B21BA2599009843DB /* PokepayTests.swift in Sources */ = {isa = PBXBuildFile; fileRef = B415E51A21BA2599009843DB /* PokepayTests.swift */; };
		B415E52221BA2717009843DB /* BLEController.swift in Sources */ = {isa = PBXBuildFile; fileRef = B415E50121B9110D009843DB /* BLEController.swift */; };
		B415E52321BA271C009843DB /* Cypher.swift in Sources */ = {isa = PBXBuildFile; fileRef = B415E50321B9110E009843DB /* Cypher.swift */; };
		B415E52421BA271E009843DB /* RegexCase.swift in Sources */ = {isa = PBXBuildFile; fileRef = B415E50421B9110E009843DB /* RegexCase.swift */; };
		B415E52521BA27DC009843DB /* RequestProxy.swift in Sources */ = {isa = PBXBuildFile; fileRef = DFA122E421911C3F007C2750 /* RequestProxy.swift */; };
		B415E52621BA27E0009843DB /* MessagingAPI.swift in Sources */ = {isa = PBXBuildFile; fileRef = DFA122E321911C3F007C2750 /* MessagingAPI.swift */; };
		B415E52E21BA2BDF009843DB /* OAuthAPI.swift in Sources */ = {isa = PBXBuildFile; fileRef = DFA1228E21911C3E007C2750 /* OAuthAPI.swift */; };
		B415E52F21BA2BE7009843DB /* RefreshAccessToken.swift in Sources */ = {isa = PBXBuildFile; fileRef = DFA1229121911C3E007C2750 /* RefreshAccessToken.swift */; };
		B415E53021BA2BEE009843DB /* ExchangeAuthCode.swift in Sources */ = {isa = PBXBuildFile; fileRef = DFA1229221911C3E007C2750 /* ExchangeAuthCode.swift */; };
		B415E53121BA2BF1009843DB /* OAuthAPIError.swift in Sources */ = {isa = PBXBuildFile; fileRef = DFA1229321911C3E007C2750 /* OAuthAPIError.swift */; };
		B415E53221BA2BF4009843DB /* OAuthEnvRequest.swift in Sources */ = {isa = PBXBuildFile; fileRef = DFA1229421911C3E007C2750 /* OAuthEnvRequest.swift */; };
		B415E53321BA2BF6009843DB /* OAuthAPIRequest.swift in Sources */ = {isa = PBXBuildFile; fileRef = DFA1229521911C3E007C2750 /* OAuthAPIRequest.swift */; };
		B415E53421BA2BFC009843DB /* GetUnreadCount.swift in Sources */ = {isa = PBXBuildFile; fileRef = DFA1229721911C3E007C2750 /* GetUnreadCount.swift */; };
		B415E53521BA2C00009843DB /* ReceiveMessageAttachment.swift in Sources */ = {isa = PBXBuildFile; fileRef = DFA1229821911C3E007C2750 /* ReceiveMessageAttachment.swift */; };
		B415E53621BA2C02009843DB /* SendMessage.swift in Sources */ = {isa = PBXBuildFile; fileRef = DFA1229921911C3E007C2750 /* SendMessage.swift */; };
		B415E53721BA2C06009843DB /* GetMessage.swift in Sources */ = {isa = PBXBuildFile; fileRef = DFA1229A21911C3E007C2750 /* GetMessage.swift */; };
		B415E53821BA2C09009843DB /* ListMessages.swift in Sources */ = {isa = PBXBuildFile; fileRef = DFA1229B21911C3E007C2750 /* ListMessages.swift */; };
		B415E53921BA2C11009843DB /* AccountBalance.swift in Sources */ = {isa = PBXBuildFile; fileRef = DFA1229D21911C3E007C2750 /* AccountBalance.swift */; };
		B415E53A21BA2C15009843DB /* NoContent.swift in Sources */ = {isa = PBXBuildFile; fileRef = DFA1229E21911C3E007C2750 /* NoContent.swift */; };
		B415E53B21BA2C15009843DB /* Error.swift in Sources */ = {isa = PBXBuildFile; fileRef = DFA1229F21911C3E007C2750 /* Error.swift */; };
		B415E53C21BA2C15009843DB /* Terminal.swift in Sources */ = {isa = PBXBuildFile; fileRef = DFA122A021911C3E007C2750 /* Terminal.swift */; };
		B415E53D21BA2C15009843DB /* AccessToken.swift in Sources */ = {isa = PBXBuildFile; fileRef = DFA122A121911C3E007C2750 /* AccessToken.swift */; };
		B415E53E21BA2C15009843DB /* PaginatedAccountBalances.swift in Sources */ = {isa = PBXBuildFile; fileRef = DFA122A221911C3E007C2750 /* PaginatedAccountBalances.swift */; };
		B415E53F21BA2C15009843DB /* Message.swift in Sources */ = {isa = PBXBuildFile; fileRef = DFA122A321911C3F007C2750 /* Message.swift */; };
		B415E54021BA2C15009843DB /* MessageUnreadCount.swift in Sources */ = {isa = PBXBuildFile; fileRef = DFA1232F2191212D007C2750 /* MessageUnreadCount.swift */; };
		B415E54121BA2C15009843DB /* Organization.swift in Sources */ = {isa = PBXBuildFile; fileRef = DFA122A421911C3F007C2750 /* Organization.swift */; };
		B415E54221BA2C15009843DB /* PaginatedMessages.swift in Sources */ = {isa = PBXBuildFile; fileRef = DFA122A521911C3F007C2750 /* PaginatedMessages.swift */; };
		B415E54321BA2C15009843DB /* User.swift in Sources */ = {isa = PBXBuildFile; fileRef = DFA122A621911C3F007C2750 /* User.swift */; };
		B415E54421BA2C15009843DB /* MessageAttachment.swift in Sources */ = {isa = PBXBuildFile; fileRef = DFA122A721911C3F007C2750 /* MessageAttachment.swift */; };
		B415E54521BA2C15009843DB /* Cashtray.swift in Sources */ = {isa = PBXBuildFile; fileRef = DFA122A821911C3F007C2750 /* Cashtray.swift */; };
		B415E54621BA2C15009843DB /* PaginatedTransactions.swift in Sources */ = {isa = PBXBuildFile; fileRef = DFA122A921911C3F007C2750 /* PaginatedTransactions.swift */; };
		B415E54721BA2C15009843DB /* Check.swift in Sources */ = {isa = PBXBuildFile; fileRef = DFA122AA21911C3F007C2750 /* Check.swift */; };
		B415E54821BA2C15009843DB /* PaginatedPrivateMoneys.swift in Sources */ = {isa = PBXBuildFile; fileRef = DFA122AB21911C3F007C2750 /* PaginatedPrivateMoneys.swift */; };
		B415E54921BA2C15009843DB /* UserTransaction.swift in Sources */ = {isa = PBXBuildFile; fileRef = DFA122AC21911C3F007C2750 /* UserTransaction.swift */; };
		B415E54A21BA2C15009843DB /* JwtResult.swift in Sources */ = {isa = PBXBuildFile; fileRef = DFD201F921B534F300A1D59B /* JwtResult.swift */; };
		B415E54B21BA2C15009843DB /* Bill.swift in Sources */ = {isa = PBXBuildFile; fileRef = DFA122AD21911C3F007C2750 /* Bill.swift */; };
		B415E54C21BA2C15009843DB /* Account.swift in Sources */ = {isa = PBXBuildFile; fileRef = DFA122AE21911C3F007C2750 /* Account.swift */; };
		B415E54D21BA2C15009843DB /* PrivateMoney.swift in Sources */ = {isa = PBXBuildFile; fileRef = DFA122AF21911C3F007C2750 /* PrivateMoney.swift */; };
		B415E54E21BA2C15009843DB /* PaginatedAccounts.swift in Sources */ = {isa = PBXBuildFile; fileRef = DFA122B021911C3F007C2750 /* PaginatedAccounts.swift */; };
		B415E55121BA2C1F009843DB /* Env.swift in Sources */ = {isa = PBXBuildFile; fileRef = DFA122B121911C3F007C2750 /* Env.swift */; };
		B415E55221BA2C1F009843DB /* DecodableDataParser.swift in Sources */ = {isa = PBXBuildFile; fileRef = DFA122B221911C3F007C2750 /* DecodableDataParser.swift */; };
		B415E55321BA2C1F009843DB /* BankAPI.swift in Sources */ = {isa = PBXBuildFile; fileRef = DFA122B321911C3F007C2750 /* BankAPI.swift */; };
		B415E55421BA2C1F009843DB /* Pokepay.swift in Sources */ = {isa = PBXBuildFile; fileRef = DFA122B421911C3F007C2750 /* Pokepay.swift */; };
		B415E55521BA2C2A009843DB /* CreateTransactionWithBill.swift in Sources */ = {isa = PBXBuildFile; fileRef = DFA122B721911C3F007C2750 /* CreateTransactionWithBill.swift */; };
		B415E55621BA2C2A009843DB /* SendToUser.swift in Sources */ = {isa = PBXBuildFile; fileRef = DFA122B821911C3F007C2750 /* SendToUser.swift */; };
		B415E55721BA2C2A009843DB /* SendToAccount.swift in Sources */ = {isa = PBXBuildFile; fileRef = DFA122B921911C3F007C2750 /* SendToAccount.swift */; };
		B415E55821BA2C2A009843DB /* CreateTransactionWithCheck.swift in Sources */ = {isa = PBXBuildFile; fileRef = DFA122BA21911C3F007C2750 /* CreateTransactionWithCheck.swift */; };
		B415E55921BA2C2A009843DB /* CancelTransaction.swift in Sources */ = {isa = PBXBuildFile; fileRef = DFA122BB21911C3F007C2750 /* CancelTransaction.swift */; };
		B415E55A21BA2C2A009843DB /* GetTransaction.swift in Sources */ = {isa = PBXBuildFile; fileRef = DFA122BC21911C3F007C2750 /* GetTransaction.swift */; };
		B415E55B21BA2C2A009843DB /* CreateTransactionWithCashtray.swift in Sources */ = {isa = PBXBuildFile; fileRef = DFA122BD21911C3F007C2750 /* CreateTransactionWithCashtray.swift */; };
		B415E55C21BA2C2A009843DB /* CreateTransactionWithJwt.swift in Sources */ = {isa = PBXBuildFile; fileRef = DFA122BE21911C3F007C2750 /* CreateTransactionWithJwt.swift */; };
		B415E55D21BA2C2D009843DB /* BankAPIRequest.swift in Sources */ = {isa = PBXBuildFile; fileRef = DFA122BF21911C3F007C2750 /* BankAPIRequest.swift */; };
		B415E55E21BA2C4E009843DB /* SearchPrivateMoneys.swift in Sources */ = {isa = PBXBuildFile; fileRef = DFA122C121911C3F007C2750 /* SearchPrivateMoneys.swift */; };
		B415E55F21BA2C55009843DB /* DeleteBill.swift in Sources */ = {isa = PBXBuildFile; fileRef = DFA122C321911C3F007C2750 /* DeleteBill.swift */; };
		B415E56021BA2C55009843DB /* UpdateBill.swift in Sources */ = {isa = PBXBuildFile; fileRef = DFA122C421911C3F007C2750 /* UpdateBill.swift */; };
		B415E56121BA2C55009843DB /* GetBill.swift in Sources */ = {isa = PBXBuildFile; fileRef = DFA122C521911C3F007C2750 /* GetBill.swift */; };
		B415E56221BA2C55009843DB /* CreateBill.swift in Sources */ = {isa = PBXBuildFile; fileRef = DFA122C621911C3F007C2750 /* CreateBill.swift */; };
		B415E56321BA2C55009843DB /* BankAPIError.swift in Sources */ = {isa = PBXBuildFile; fileRef = DFA122C721911C3F007C2750 /* BankAPIError.swift */; };
		B415E56421BA2C61009843DB /* GetTerminal.swift in Sources */ = {isa = PBXBuildFile; fileRef = DFA122C921911C3F007C2750 /* GetTerminal.swift */; };
		B415E56521BA2C61009843DB /* UpdateTerminal.swift in Sources */ = {isa = PBXBuildFile; fileRef = DFA122CA21911C3F007C2750 /* UpdateTerminal.swift */; };
		B415E56621BA2C61009843DB /* AddTerminalPublicKey.swift in Sources */ = {isa = PBXBuildFile; fileRef = DFA122CB21911C3F007C2750 /* AddTerminalPublicKey.swift */; };
		B415E56721BA2C64009843DB /* UpdateUser.swift in Sources */ = {isa = PBXBuildFile; fileRef = DFA122CD21911C3F007C2750 /* UpdateUser.swift */; };
		B415E56821BA2C64009843DB /* GetUserTransactions.swift in Sources */ = {isa = PBXBuildFile; fileRef = DFA122CE21911C3F007C2750 /* GetUserTransactions.swift */; };
		B415E56921BA2C64009843DB /* RegisterUserEmail.swift in Sources */ = {isa = PBXBuildFile; fileRef = DFA122CF21911C3F007C2750 /* RegisterUserEmail.swift */; };
		B415E56A21BA2C64009843DB /* DeleteUserEmail.swift in Sources */ = {isa = PBXBuildFile; fileRef = DFA122D021911C3F007C2750 /* DeleteUserEmail.swift */; };
		B415E56B21BA2C64009843DB /* GetUserAccounts.swift in Sources */ = {isa = PBXBuildFile; fileRef = DFA122D121911C3F007C2750 /* GetUserAccounts.swift */; };
		B415E56C21BA2C64009843DB /* SendConfirmationEmail.swift in Sources */ = {isa = PBXBuildFile; fileRef = DFA122D221911C3F007C2750 /* SendConfirmationEmail.swift */; };
		B415E56D21BA2C64009843DB /* AuthorizedRequest.swift in Sources */ = {isa = PBXBuildFile; fileRef = DFA122D321911C3F007C2750 /* AuthorizedRequest.swift */; };
		B415E56E21BA2C68009843DB /* GetAccount.swift in Sources */ = {isa = PBXBuildFile; fileRef = DFA122D521911C3F007C2750 /* GetAccount.swift */; };
		B415E56F21BA2C68009843DB /* CreateAccount.swift in Sources */ = {isa = PBXBuildFile; fileRef = DFA122D621911C3F007C2750 /* CreateAccount.swift */; };
		B415E57021BA2C68009843DB /* GetAccountTransactions.swift in Sources */ = {isa = PBXBuildFile; fileRef = DFA122D721911C3F007C2750 /* GetAccountTransactions.swift */; };
		B415E57121BA2C68009843DB /* GetBalances.swift in Sources */ = {isa = PBXBuildFile; fileRef = DFA122D821911C3F007C2750 /* GetBalances.swift */; };
		B415E57221BA2C6D009843DB /* GetCheck.swift in Sources */ = {isa = PBXBuildFile; fileRef = DFA122DA21911C3F007C2750 /* GetCheck.swift */; };
		B415E57321BA2C6D009843DB /* CreateCheck.swift in Sources */ = {isa = PBXBuildFile; fileRef = DFA122DB21911C3F007C2750 /* CreateCheck.swift */; };
		B415E57421BA2C6D009843DB /* DeleteCheck.swift in Sources */ = {isa = PBXBuildFile; fileRef = DFA122DC21911C3F007C2750 /* DeleteCheck.swift */; };
		B415E57521BA2C6D009843DB /* UpdateCheck.swift in Sources */ = {isa = PBXBuildFile; fileRef = DFA122DD21911C3F007C2750 /* UpdateCheck.swift */; };
		B415E57621BA2C71009843DB /* UpdateCashtray.swift in Sources */ = {isa = PBXBuildFile; fileRef = DFA122DF21911C3F007C2750 /* UpdateCashtray.swift */; };
		B415E57721BA2C71009843DB /* GetCashtray.swift in Sources */ = {isa = PBXBuildFile; fileRef = DFA122E021911C3F007C2750 /* GetCashtray.swift */; };
		B415E57821BA2C71009843DB /* CreateCashtray.swift in Sources */ = {isa = PBXBuildFile; fileRef = DFA122E121911C3F007C2750 /* CreateCashtray.swift */; };
		B415E57921BA2C71009843DB /* DeleteCashtray.swift in Sources */ = {isa = PBXBuildFile; fileRef = DFA122E221911C3F007C2750 /* DeleteCashtray.swift */; };
		B415E57B21BA3936009843DB /* PokeregiTests.swift in Sources */ = {isa = PBXBuildFile; fileRef = B415E57A21BA3936009843DB /* PokeregiTests.swift */; };
		B45BDCF92305553100D583BC /* Product.swift in Sources */ = {isa = PBXBuildFile; fileRef = B45BDCF82305553100D583BC /* Product.swift */; };
		B45BDCFA2306686700D583BC /* Product.swift in Sources */ = {isa = PBXBuildFile; fileRef = B45BDCF82305553100D583BC /* Product.swift */; };
		B45BDCFC2306E52000D583BC /* Parameters.swift in Sources */ = {isa = PBXBuildFile; fileRef = B45BDCFB2306E52000D583BC /* Parameters.swift */; };
		B4AF946721CB76030049B71C /* Result.framework in Frameworks */ = {isa = PBXBuildFile; fileRef = B4AF946521CB76030049B71C /* Result.framework */; };
		B4AF946821CB76030049B71C /* APIKit.framework in Frameworks */ = {isa = PBXBuildFile; fileRef = B4AF946621CB76030049B71C /* APIKit.framework */; };
		B4D28E2122CCF92A00F4E503 /* GetCpmToken.swift in Sources */ = {isa = PBXBuildFile; fileRef = B4DEDEC222CB68E200B16C0B /* GetCpmToken.swift */; };
		B4D28E2222CCF93C00F4E503 /* AccountCpmToken.swift in Sources */ = {isa = PBXBuildFile; fileRef = B4DEDEC422CB690600B16C0B /* AccountCpmToken.swift */; };
		B4D28E2322CCF94200F4E503 /* CreateTransactionWithCpm.swift in Sources */ = {isa = PBXBuildFile; fileRef = B4DEDEC622CB6CE800B16C0B /* CreateTransactionWithCpm.swift */; };
		B4D28E2422CCF94700F4E503 /* CreateAccountCpmToken.swift in Sources */ = {isa = PBXBuildFile; fileRef = B4DEDEBC22CB686D00B16C0B /* CreateAccountCpmToken.swift */; };
		B4D4447521BA9F4900353BBE /* BankAPIJSONDecoder.swift in Sources */ = {isa = PBXBuildFile; fileRef = B4D4447421BA9F4900353BBE /* BankAPIJSONDecoder.swift */; };
		B4D4447621BA9F4900353BBE /* BankAPIJSONDecoder.swift in Sources */ = {isa = PBXBuildFile; fileRef = B4D4447421BA9F4900353BBE /* BankAPIJSONDecoder.swift */; };
		B4D4447C21BAA74D00353BBE /* Pokepay.framework in Frameworks */ = {isa = PBXBuildFile; fileRef = DF86A17C216F637600FCD979 /* Pokepay.framework */; };
		B4DEDEBD22CB686D00B16C0B /* CreateAccountCpmToken.swift in Sources */ = {isa = PBXBuildFile; fileRef = B4DEDEBC22CB686D00B16C0B /* CreateAccountCpmToken.swift */; };
		B4DEDEC322CB68E200B16C0B /* GetCpmToken.swift in Sources */ = {isa = PBXBuildFile; fileRef = B4DEDEC222CB68E200B16C0B /* GetCpmToken.swift */; };
		B4DEDEC522CB690600B16C0B /* AccountCpmToken.swift in Sources */ = {isa = PBXBuildFile; fileRef = B4DEDEC422CB690600B16C0B /* AccountCpmToken.swift */; };
		B4DEDEC722CB6CE800B16C0B /* CreateTransactionWithCpm.swift in Sources */ = {isa = PBXBuildFile; fileRef = B4DEDEC622CB6CE800B16C0B /* CreateTransactionWithCpm.swift */; };
		B4FDD2DB22D348BE003B561A /* Images.swift in Sources */ = {isa = PBXBuildFile; fileRef = B4FDD2DA22D348BE003B561A /* Images.swift */; };
		B4FDD2DC22D349FC003B561A /* Images.swift in Sources */ = {isa = PBXBuildFile; fileRef = B4FDD2DA22D348BE003B561A /* Images.swift */; };
		DFA122E521911C3F007C2750 /* OAuthAPI.swift in Sources */ = {isa = PBXBuildFile; fileRef = DFA1228E21911C3E007C2750 /* OAuthAPI.swift */; };
		DFA122E621911C3F007C2750 /* RefreshAccessToken.swift in Sources */ = {isa = PBXBuildFile; fileRef = DFA1229121911C3E007C2750 /* RefreshAccessToken.swift */; };
		DFA122E721911C3F007C2750 /* ExchangeAuthCode.swift in Sources */ = {isa = PBXBuildFile; fileRef = DFA1229221911C3E007C2750 /* ExchangeAuthCode.swift */; };
		DFA122E821911C3F007C2750 /* OAuthAPIError.swift in Sources */ = {isa = PBXBuildFile; fileRef = DFA1229321911C3E007C2750 /* OAuthAPIError.swift */; };
		DFA122E921911C3F007C2750 /* OAuthEnvRequest.swift in Sources */ = {isa = PBXBuildFile; fileRef = DFA1229421911C3E007C2750 /* OAuthEnvRequest.swift */; };
		DFA122EA21911C3F007C2750 /* OAuthAPIRequest.swift in Sources */ = {isa = PBXBuildFile; fileRef = DFA1229521911C3E007C2750 /* OAuthAPIRequest.swift */; };
		DFA122EB21911C3F007C2750 /* GetUnreadCount.swift in Sources */ = {isa = PBXBuildFile; fileRef = DFA1229721911C3E007C2750 /* GetUnreadCount.swift */; };
		DFA122EC21911C3F007C2750 /* ReceiveMessageAttachment.swift in Sources */ = {isa = PBXBuildFile; fileRef = DFA1229821911C3E007C2750 /* ReceiveMessageAttachment.swift */; };
		DFA122ED21911C3F007C2750 /* SendMessage.swift in Sources */ = {isa = PBXBuildFile; fileRef = DFA1229921911C3E007C2750 /* SendMessage.swift */; };
		DFA122EE21911C3F007C2750 /* GetMessage.swift in Sources */ = {isa = PBXBuildFile; fileRef = DFA1229A21911C3E007C2750 /* GetMessage.swift */; };
		DFA122EF21911C3F007C2750 /* ListMessages.swift in Sources */ = {isa = PBXBuildFile; fileRef = DFA1229B21911C3E007C2750 /* ListMessages.swift */; };
		DFA122F021911C3F007C2750 /* AccountBalance.swift in Sources */ = {isa = PBXBuildFile; fileRef = DFA1229D21911C3E007C2750 /* AccountBalance.swift */; };
		DFA122F121911C3F007C2750 /* NoContent.swift in Sources */ = {isa = PBXBuildFile; fileRef = DFA1229E21911C3E007C2750 /* NoContent.swift */; };
		DFA122F221911C3F007C2750 /* Error.swift in Sources */ = {isa = PBXBuildFile; fileRef = DFA1229F21911C3E007C2750 /* Error.swift */; };
		DFA122F321911C3F007C2750 /* Terminal.swift in Sources */ = {isa = PBXBuildFile; fileRef = DFA122A021911C3E007C2750 /* Terminal.swift */; };
		DFA122F421911C3F007C2750 /* AccessToken.swift in Sources */ = {isa = PBXBuildFile; fileRef = DFA122A121911C3E007C2750 /* AccessToken.swift */; };
		DFA122F521911C3F007C2750 /* PaginatedAccountBalances.swift in Sources */ = {isa = PBXBuildFile; fileRef = DFA122A221911C3E007C2750 /* PaginatedAccountBalances.swift */; };
		DFA122F621911C3F007C2750 /* Message.swift in Sources */ = {isa = PBXBuildFile; fileRef = DFA122A321911C3F007C2750 /* Message.swift */; };
		DFA122F721911C3F007C2750 /* Organization.swift in Sources */ = {isa = PBXBuildFile; fileRef = DFA122A421911C3F007C2750 /* Organization.swift */; };
		DFA122F821911C3F007C2750 /* PaginatedMessages.swift in Sources */ = {isa = PBXBuildFile; fileRef = DFA122A521911C3F007C2750 /* PaginatedMessages.swift */; };
		DFA122F921911C3F007C2750 /* User.swift in Sources */ = {isa = PBXBuildFile; fileRef = DFA122A621911C3F007C2750 /* User.swift */; };
		DFA122FA21911C3F007C2750 /* MessageAttachment.swift in Sources */ = {isa = PBXBuildFile; fileRef = DFA122A721911C3F007C2750 /* MessageAttachment.swift */; };
		DFA122FB21911C3F007C2750 /* Cashtray.swift in Sources */ = {isa = PBXBuildFile; fileRef = DFA122A821911C3F007C2750 /* Cashtray.swift */; };
		DFA122FC21911C3F007C2750 /* PaginatedTransactions.swift in Sources */ = {isa = PBXBuildFile; fileRef = DFA122A921911C3F007C2750 /* PaginatedTransactions.swift */; };
		DFA122FD21911C3F007C2750 /* Check.swift in Sources */ = {isa = PBXBuildFile; fileRef = DFA122AA21911C3F007C2750 /* Check.swift */; };
		DFA122FE21911C3F007C2750 /* PaginatedPrivateMoneys.swift in Sources */ = {isa = PBXBuildFile; fileRef = DFA122AB21911C3F007C2750 /* PaginatedPrivateMoneys.swift */; };
		DFA122FF21911C3F007C2750 /* UserTransaction.swift in Sources */ = {isa = PBXBuildFile; fileRef = DFA122AC21911C3F007C2750 /* UserTransaction.swift */; };
		DFA1230021911C3F007C2750 /* Bill.swift in Sources */ = {isa = PBXBuildFile; fileRef = DFA122AD21911C3F007C2750 /* Bill.swift */; };
		DFA1230121911C3F007C2750 /* Account.swift in Sources */ = {isa = PBXBuildFile; fileRef = DFA122AE21911C3F007C2750 /* Account.swift */; };
		DFA1230221911C3F007C2750 /* PrivateMoney.swift in Sources */ = {isa = PBXBuildFile; fileRef = DFA122AF21911C3F007C2750 /* PrivateMoney.swift */; };
		DFA1230321911C3F007C2750 /* PaginatedAccounts.swift in Sources */ = {isa = PBXBuildFile; fileRef = DFA122B021911C3F007C2750 /* PaginatedAccounts.swift */; };
		DFA1230421911C3F007C2750 /* Env.swift in Sources */ = {isa = PBXBuildFile; fileRef = DFA122B121911C3F007C2750 /* Env.swift */; };
		DFA1230521911C3F007C2750 /* DecodableDataParser.swift in Sources */ = {isa = PBXBuildFile; fileRef = DFA122B221911C3F007C2750 /* DecodableDataParser.swift */; };
		DFA1230621911C3F007C2750 /* BankAPI.swift in Sources */ = {isa = PBXBuildFile; fileRef = DFA122B321911C3F007C2750 /* BankAPI.swift */; };
		DFA1230721911C3F007C2750 /* Pokepay.swift in Sources */ = {isa = PBXBuildFile; fileRef = DFA122B421911C3F007C2750 /* Pokepay.swift */; };
		DFA1230821911C3F007C2750 /* CreateTransactionWithBill.swift in Sources */ = {isa = PBXBuildFile; fileRef = DFA122B721911C3F007C2750 /* CreateTransactionWithBill.swift */; };
		DFA1230921911C3F007C2750 /* SendToUser.swift in Sources */ = {isa = PBXBuildFile; fileRef = DFA122B821911C3F007C2750 /* SendToUser.swift */; };
		DFA1230A21911C3F007C2750 /* SendToAccount.swift in Sources */ = {isa = PBXBuildFile; fileRef = DFA122B921911C3F007C2750 /* SendToAccount.swift */; };
		DFA1230B21911C3F007C2750 /* CreateTransactionWithCheck.swift in Sources */ = {isa = PBXBuildFile; fileRef = DFA122BA21911C3F007C2750 /* CreateTransactionWithCheck.swift */; };
		DFA1230C21911C3F007C2750 /* CancelTransaction.swift in Sources */ = {isa = PBXBuildFile; fileRef = DFA122BB21911C3F007C2750 /* CancelTransaction.swift */; };
		DFA1230D21911C3F007C2750 /* GetTransaction.swift in Sources */ = {isa = PBXBuildFile; fileRef = DFA122BC21911C3F007C2750 /* GetTransaction.swift */; };
		DFA1230E21911C3F007C2750 /* CreateTransactionWithCashtray.swift in Sources */ = {isa = PBXBuildFile; fileRef = DFA122BD21911C3F007C2750 /* CreateTransactionWithCashtray.swift */; };
		DFA1230F21911C3F007C2750 /* CreateTransactionWithJwt.swift in Sources */ = {isa = PBXBuildFile; fileRef = DFA122BE21911C3F007C2750 /* CreateTransactionWithJwt.swift */; };
		DFA1231021911C3F007C2750 /* BankAPIRequest.swift in Sources */ = {isa = PBXBuildFile; fileRef = DFA122BF21911C3F007C2750 /* BankAPIRequest.swift */; };
		DFA1231121911C3F007C2750 /* SearchPrivateMoneys.swift in Sources */ = {isa = PBXBuildFile; fileRef = DFA122C121911C3F007C2750 /* SearchPrivateMoneys.swift */; };
		DFA1231221911C3F007C2750 /* DeleteBill.swift in Sources */ = {isa = PBXBuildFile; fileRef = DFA122C321911C3F007C2750 /* DeleteBill.swift */; };
		DFA1231321911C3F007C2750 /* UpdateBill.swift in Sources */ = {isa = PBXBuildFile; fileRef = DFA122C421911C3F007C2750 /* UpdateBill.swift */; };
		DFA1231421911C3F007C2750 /* GetBill.swift in Sources */ = {isa = PBXBuildFile; fileRef = DFA122C521911C3F007C2750 /* GetBill.swift */; };
		DFA1231521911C3F007C2750 /* CreateBill.swift in Sources */ = {isa = PBXBuildFile; fileRef = DFA122C621911C3F007C2750 /* CreateBill.swift */; };
		DFA1231621911C3F007C2750 /* BankAPIError.swift in Sources */ = {isa = PBXBuildFile; fileRef = DFA122C721911C3F007C2750 /* BankAPIError.swift */; };
		DFA1231721911C3F007C2750 /* GetTerminal.swift in Sources */ = {isa = PBXBuildFile; fileRef = DFA122C921911C3F007C2750 /* GetTerminal.swift */; };
		DFA1231821911C3F007C2750 /* UpdateTerminal.swift in Sources */ = {isa = PBXBuildFile; fileRef = DFA122CA21911C3F007C2750 /* UpdateTerminal.swift */; };
		DFA1231921911C3F007C2750 /* AddTerminalPublicKey.swift in Sources */ = {isa = PBXBuildFile; fileRef = DFA122CB21911C3F007C2750 /* AddTerminalPublicKey.swift */; };
		DFA1231A21911C3F007C2750 /* UpdateUser.swift in Sources */ = {isa = PBXBuildFile; fileRef = DFA122CD21911C3F007C2750 /* UpdateUser.swift */; };
		DFA1231B21911C3F007C2750 /* GetUserTransactions.swift in Sources */ = {isa = PBXBuildFile; fileRef = DFA122CE21911C3F007C2750 /* GetUserTransactions.swift */; };
		DFA1231C21911C3F007C2750 /* RegisterUserEmail.swift in Sources */ = {isa = PBXBuildFile; fileRef = DFA122CF21911C3F007C2750 /* RegisterUserEmail.swift */; };
		DFA1231D21911C3F007C2750 /* DeleteUserEmail.swift in Sources */ = {isa = PBXBuildFile; fileRef = DFA122D021911C3F007C2750 /* DeleteUserEmail.swift */; };
		DFA1231E21911C3F007C2750 /* GetUserAccounts.swift in Sources */ = {isa = PBXBuildFile; fileRef = DFA122D121911C3F007C2750 /* GetUserAccounts.swift */; };
		DFA1231F21911C3F007C2750 /* SendConfirmationEmail.swift in Sources */ = {isa = PBXBuildFile; fileRef = DFA122D221911C3F007C2750 /* SendConfirmationEmail.swift */; };
		DFA1232021911C3F007C2750 /* AuthorizedRequest.swift in Sources */ = {isa = PBXBuildFile; fileRef = DFA122D321911C3F007C2750 /* AuthorizedRequest.swift */; };
		DFA1232121911C3F007C2750 /* GetAccount.swift in Sources */ = {isa = PBXBuildFile; fileRef = DFA122D521911C3F007C2750 /* GetAccount.swift */; };
		DFA1232221911C3F007C2750 /* CreateAccount.swift in Sources */ = {isa = PBXBuildFile; fileRef = DFA122D621911C3F007C2750 /* CreateAccount.swift */; };
		DFA1232321911C3F007C2750 /* GetAccountTransactions.swift in Sources */ = {isa = PBXBuildFile; fileRef = DFA122D721911C3F007C2750 /* GetAccountTransactions.swift */; };
		DFA1232421911C3F007C2750 /* GetBalances.swift in Sources */ = {isa = PBXBuildFile; fileRef = DFA122D821911C3F007C2750 /* GetBalances.swift */; };
		DFA1232521911C3F007C2750 /* GetCheck.swift in Sources */ = {isa = PBXBuildFile; fileRef = DFA122DA21911C3F007C2750 /* GetCheck.swift */; };
		DFA1232621911C3F007C2750 /* CreateCheck.swift in Sources */ = {isa = PBXBuildFile; fileRef = DFA122DB21911C3F007C2750 /* CreateCheck.swift */; };
		DFA1232721911C3F007C2750 /* DeleteCheck.swift in Sources */ = {isa = PBXBuildFile; fileRef = DFA122DC21911C3F007C2750 /* DeleteCheck.swift */; };
		DFA1232821911C3F007C2750 /* UpdateCheck.swift in Sources */ = {isa = PBXBuildFile; fileRef = DFA122DD21911C3F007C2750 /* UpdateCheck.swift */; };
		DFA1232921911C3F007C2750 /* UpdateCashtray.swift in Sources */ = {isa = PBXBuildFile; fileRef = DFA122DF21911C3F007C2750 /* UpdateCashtray.swift */; };
		DFA1232A21911C3F007C2750 /* GetCashtray.swift in Sources */ = {isa = PBXBuildFile; fileRef = DFA122E021911C3F007C2750 /* GetCashtray.swift */; };
		DFA1232B21911C3F007C2750 /* CreateCashtray.swift in Sources */ = {isa = PBXBuildFile; fileRef = DFA122E121911C3F007C2750 /* CreateCashtray.swift */; };
		DFA1232C21911C3F007C2750 /* DeleteCashtray.swift in Sources */ = {isa = PBXBuildFile; fileRef = DFA122E221911C3F007C2750 /* DeleteCashtray.swift */; };
		DFA1232D21911C3F007C2750 /* MessagingAPI.swift in Sources */ = {isa = PBXBuildFile; fileRef = DFA122E321911C3F007C2750 /* MessagingAPI.swift */; };
		DFA1232E21911C3F007C2750 /* RequestProxy.swift in Sources */ = {isa = PBXBuildFile; fileRef = DFA122E421911C3F007C2750 /* RequestProxy.swift */; };
		DFA123302191212D007C2750 /* MessageUnreadCount.swift in Sources */ = {isa = PBXBuildFile; fileRef = DFA1232F2191212D007C2750 /* MessageUnreadCount.swift */; };
		DFD201FA21B534F300A1D59B /* JwtResult.swift in Sources */ = {isa = PBXBuildFile; fileRef = DFD201F921B534F300A1D59B /* JwtResult.swift */; };
/* End PBXBuildFile section */

/* Begin PBXFileReference section */
		B415E50121B9110D009843DB /* BLEController.swift */ = {isa = PBXFileReference; fileEncoding = 4; lastKnownFileType = sourcecode.swift; path = BLEController.swift; sourceTree = "<group>"; };
		B415E50221B9110D009843DB /* SwiftAES-Bridging-Header.h */ = {isa = PBXFileReference; fileEncoding = 4; lastKnownFileType = sourcecode.c.h; path = "SwiftAES-Bridging-Header.h"; sourceTree = "<group>"; };
		B415E50321B9110E009843DB /* Cypher.swift */ = {isa = PBXFileReference; fileEncoding = 4; lastKnownFileType = sourcecode.swift; path = Cypher.swift; sourceTree = "<group>"; };
		B415E50421B9110E009843DB /* RegexCase.swift */ = {isa = PBXFileReference; fileEncoding = 4; lastKnownFileType = sourcecode.swift; path = RegexCase.swift; sourceTree = "<group>"; };
		B415E51A21BA2599009843DB /* PokepayTests.swift */ = {isa = PBXFileReference; lastKnownFileType = sourcecode.swift; path = PokepayTests.swift; sourceTree = "<group>"; };
		B415E51C21BA2599009843DB /* Info.plist */ = {isa = PBXFileReference; lastKnownFileType = text.plist.xml; path = Info.plist; sourceTree = "<group>"; };
		B415E57A21BA3936009843DB /* PokeregiTests.swift */ = {isa = PBXFileReference; lastKnownFileType = sourcecode.swift; path = PokeregiTests.swift; sourceTree = "<group>"; };
		B45BDCF82305553100D583BC /* Product.swift */ = {isa = PBXFileReference; fileEncoding = 4; lastKnownFileType = sourcecode.swift; path = Product.swift; sourceTree = "<group>"; };
		B45BDCFB2306E52000D583BC /* Parameters.swift */ = {isa = PBXFileReference; lastKnownFileType = sourcecode.swift; path = Parameters.swift; sourceTree = "<group>"; };
		B4AF946521CB76030049B71C /* Result.framework */ = {isa = PBXFileReference; lastKnownFileType = wrapper.framework; name = Result.framework; path = Carthage/Build/iOS/Result.framework; sourceTree = "<group>"; };
		B4AF946621CB76030049B71C /* APIKit.framework */ = {isa = PBXFileReference; lastKnownFileType = wrapper.framework; name = APIKit.framework; path = Carthage/Build/iOS/APIKit.framework; sourceTree = "<group>"; };
		B4D4446E21BA984B00353BBE /* PokepayTests.xctest */ = {isa = PBXFileReference; explicitFileType = wrapper.cfbundle; includeInIndex = 0; path = PokepayTests.xctest; sourceTree = BUILT_PRODUCTS_DIR; };
		B4D4447421BA9F4900353BBE /* BankAPIJSONDecoder.swift */ = {isa = PBXFileReference; lastKnownFileType = sourcecode.swift; path = BankAPIJSONDecoder.swift; sourceTree = "<group>"; };
		B4DEDEBC22CB686D00B16C0B /* CreateAccountCpmToken.swift */ = {isa = PBXFileReference; fileEncoding = 4; lastKnownFileType = sourcecode.swift; path = CreateAccountCpmToken.swift; sourceTree = "<group>"; };
		B4DEDEC222CB68E200B16C0B /* GetCpmToken.swift */ = {isa = PBXFileReference; fileEncoding = 4; lastKnownFileType = sourcecode.swift; path = GetCpmToken.swift; sourceTree = "<group>"; };
		B4DEDEC422CB690600B16C0B /* AccountCpmToken.swift */ = {isa = PBXFileReference; fileEncoding = 4; lastKnownFileType = sourcecode.swift; path = AccountCpmToken.swift; sourceTree = "<group>"; };
		B4DEDEC622CB6CE800B16C0B /* CreateTransactionWithCpm.swift */ = {isa = PBXFileReference; fileEncoding = 4; lastKnownFileType = sourcecode.swift; path = CreateTransactionWithCpm.swift; sourceTree = "<group>"; };
		B4FDD2DA22D348BE003B561A /* Images.swift */ = {isa = PBXFileReference; lastKnownFileType = sourcecode.swift; path = Images.swift; sourceTree = "<group>"; };
		DF6B2D97216F4677007E2B4C /* Cartfile.resolved */ = {isa = PBXFileReference; fileEncoding = 4; lastKnownFileType = text; path = Cartfile.resolved; sourceTree = "<group>"; };
		DF6B2D98216F4677007E2B4C /* README.md */ = {isa = PBXFileReference; fileEncoding = 4; lastKnownFileType = net.daringfireball.markdown; path = README.md; sourceTree = "<group>"; };
		DF6B2DE0216F4677007E2B4C /* Cartfile */ = {isa = PBXFileReference; fileEncoding = 4; lastKnownFileType = text; path = Cartfile; sourceTree = "<group>"; };
		DF6B2DE2216F4677007E2B4C /* tutorial.html */ = {isa = PBXFileReference; fileEncoding = 4; lastKnownFileType = text.html; path = tutorial.html; sourceTree = "<group>"; };
		DF6B2DE3216F4677007E2B4C /* tutorial.md */ = {isa = PBXFileReference; fileEncoding = 4; lastKnownFileType = net.daringfireball.markdown; path = tutorial.md; sourceTree = "<group>"; };
		DF6B2DE5216F4677007E2B4C /* Pokepay.xcodeproj */ = {isa = PBXFileReference; lastKnownFileType = "wrapper.pb-project"; path = Pokepay.xcodeproj; sourceTree = "<group>"; };
		DF6B2F1E216F4678007E2B4C /* Makefile */ = {isa = PBXFileReference; fileEncoding = 4; lastKnownFileType = sourcecode.make; path = Makefile; sourceTree = "<group>"; };
		DF6B2F1F216F4678007E2B4C /* LICENSE.txt */ = {isa = PBXFileReference; fileEncoding = 4; lastKnownFileType = text; path = LICENSE.txt; sourceTree = "<group>"; };
		DF86A17C216F637600FCD979 /* Pokepay.framework */ = {isa = PBXFileReference; explicitFileType = wrapper.framework; includeInIndex = 0; path = Pokepay.framework; sourceTree = BUILT_PRODUCTS_DIR; };
		DFA1228E21911C3E007C2750 /* OAuthAPI.swift */ = {isa = PBXFileReference; fileEncoding = 4; lastKnownFileType = sourcecode.swift; path = OAuthAPI.swift; sourceTree = "<group>"; };
		DFA1229121911C3E007C2750 /* RefreshAccessToken.swift */ = {isa = PBXFileReference; fileEncoding = 4; lastKnownFileType = sourcecode.swift; path = RefreshAccessToken.swift; sourceTree = "<group>"; };
		DFA1229221911C3E007C2750 /* ExchangeAuthCode.swift */ = {isa = PBXFileReference; fileEncoding = 4; lastKnownFileType = sourcecode.swift; path = ExchangeAuthCode.swift; sourceTree = "<group>"; };
		DFA1229321911C3E007C2750 /* OAuthAPIError.swift */ = {isa = PBXFileReference; fileEncoding = 4; lastKnownFileType = sourcecode.swift; path = OAuthAPIError.swift; sourceTree = "<group>"; };
		DFA1229421911C3E007C2750 /* OAuthEnvRequest.swift */ = {isa = PBXFileReference; fileEncoding = 4; lastKnownFileType = sourcecode.swift; path = OAuthEnvRequest.swift; sourceTree = "<group>"; };
		DFA1229521911C3E007C2750 /* OAuthAPIRequest.swift */ = {isa = PBXFileReference; fileEncoding = 4; lastKnownFileType = sourcecode.swift; path = OAuthAPIRequest.swift; sourceTree = "<group>"; };
		DFA1229721911C3E007C2750 /* GetUnreadCount.swift */ = {isa = PBXFileReference; fileEncoding = 4; lastKnownFileType = sourcecode.swift; path = GetUnreadCount.swift; sourceTree = "<group>"; };
		DFA1229821911C3E007C2750 /* ReceiveMessageAttachment.swift */ = {isa = PBXFileReference; fileEncoding = 4; lastKnownFileType = sourcecode.swift; path = ReceiveMessageAttachment.swift; sourceTree = "<group>"; };
		DFA1229921911C3E007C2750 /* SendMessage.swift */ = {isa = PBXFileReference; fileEncoding = 4; lastKnownFileType = sourcecode.swift; path = SendMessage.swift; sourceTree = "<group>"; };
		DFA1229A21911C3E007C2750 /* GetMessage.swift */ = {isa = PBXFileReference; fileEncoding = 4; lastKnownFileType = sourcecode.swift; path = GetMessage.swift; sourceTree = "<group>"; };
		DFA1229B21911C3E007C2750 /* ListMessages.swift */ = {isa = PBXFileReference; fileEncoding = 4; lastKnownFileType = sourcecode.swift; path = ListMessages.swift; sourceTree = "<group>"; };
		DFA1229D21911C3E007C2750 /* AccountBalance.swift */ = {isa = PBXFileReference; fileEncoding = 4; lastKnownFileType = sourcecode.swift; path = AccountBalance.swift; sourceTree = "<group>"; };
		DFA1229E21911C3E007C2750 /* NoContent.swift */ = {isa = PBXFileReference; fileEncoding = 4; lastKnownFileType = sourcecode.swift; path = NoContent.swift; sourceTree = "<group>"; };
		DFA1229F21911C3E007C2750 /* Error.swift */ = {isa = PBXFileReference; fileEncoding = 4; lastKnownFileType = sourcecode.swift; path = Error.swift; sourceTree = "<group>"; };
		DFA122A021911C3E007C2750 /* Terminal.swift */ = {isa = PBXFileReference; fileEncoding = 4; lastKnownFileType = sourcecode.swift; path = Terminal.swift; sourceTree = "<group>"; };
		DFA122A121911C3E007C2750 /* AccessToken.swift */ = {isa = PBXFileReference; fileEncoding = 4; lastKnownFileType = sourcecode.swift; path = AccessToken.swift; sourceTree = "<group>"; };
		DFA122A221911C3E007C2750 /* PaginatedAccountBalances.swift */ = {isa = PBXFileReference; fileEncoding = 4; lastKnownFileType = sourcecode.swift; path = PaginatedAccountBalances.swift; sourceTree = "<group>"; };
		DFA122A321911C3F007C2750 /* Message.swift */ = {isa = PBXFileReference; fileEncoding = 4; lastKnownFileType = sourcecode.swift; path = Message.swift; sourceTree = "<group>"; };
		DFA122A421911C3F007C2750 /* Organization.swift */ = {isa = PBXFileReference; fileEncoding = 4; lastKnownFileType = sourcecode.swift; path = Organization.swift; sourceTree = "<group>"; };
		DFA122A521911C3F007C2750 /* PaginatedMessages.swift */ = {isa = PBXFileReference; fileEncoding = 4; lastKnownFileType = sourcecode.swift; path = PaginatedMessages.swift; sourceTree = "<group>"; };
		DFA122A621911C3F007C2750 /* User.swift */ = {isa = PBXFileReference; fileEncoding = 4; lastKnownFileType = sourcecode.swift; path = User.swift; sourceTree = "<group>"; };
		DFA122A721911C3F007C2750 /* MessageAttachment.swift */ = {isa = PBXFileReference; fileEncoding = 4; lastKnownFileType = sourcecode.swift; path = MessageAttachment.swift; sourceTree = "<group>"; };
		DFA122A821911C3F007C2750 /* Cashtray.swift */ = {isa = PBXFileReference; fileEncoding = 4; lastKnownFileType = sourcecode.swift; path = Cashtray.swift; sourceTree = "<group>"; };
		DFA122A921911C3F007C2750 /* PaginatedTransactions.swift */ = {isa = PBXFileReference; fileEncoding = 4; lastKnownFileType = sourcecode.swift; path = PaginatedTransactions.swift; sourceTree = "<group>"; };
		DFA122AA21911C3F007C2750 /* Check.swift */ = {isa = PBXFileReference; fileEncoding = 4; lastKnownFileType = sourcecode.swift; path = Check.swift; sourceTree = "<group>"; };
		DFA122AB21911C3F007C2750 /* PaginatedPrivateMoneys.swift */ = {isa = PBXFileReference; fileEncoding = 4; lastKnownFileType = sourcecode.swift; path = PaginatedPrivateMoneys.swift; sourceTree = "<group>"; };
		DFA122AC21911C3F007C2750 /* UserTransaction.swift */ = {isa = PBXFileReference; fileEncoding = 4; lastKnownFileType = sourcecode.swift; path = UserTransaction.swift; sourceTree = "<group>"; };
		DFA122AD21911C3F007C2750 /* Bill.swift */ = {isa = PBXFileReference; fileEncoding = 4; lastKnownFileType = sourcecode.swift; path = Bill.swift; sourceTree = "<group>"; };
		DFA122AE21911C3F007C2750 /* Account.swift */ = {isa = PBXFileReference; fileEncoding = 4; lastKnownFileType = sourcecode.swift; path = Account.swift; sourceTree = "<group>"; };
		DFA122AF21911C3F007C2750 /* PrivateMoney.swift */ = {isa = PBXFileReference; fileEncoding = 4; lastKnownFileType = sourcecode.swift; path = PrivateMoney.swift; sourceTree = "<group>"; };
		DFA122B021911C3F007C2750 /* PaginatedAccounts.swift */ = {isa = PBXFileReference; fileEncoding = 4; lastKnownFileType = sourcecode.swift; path = PaginatedAccounts.swift; sourceTree = "<group>"; };
		DFA122B121911C3F007C2750 /* Env.swift */ = {isa = PBXFileReference; fileEncoding = 4; lastKnownFileType = sourcecode.swift; path = Env.swift; sourceTree = "<group>"; };
		DFA122B221911C3F007C2750 /* DecodableDataParser.swift */ = {isa = PBXFileReference; fileEncoding = 4; lastKnownFileType = sourcecode.swift; path = DecodableDataParser.swift; sourceTree = "<group>"; };
		DFA122B321911C3F007C2750 /* BankAPI.swift */ = {isa = PBXFileReference; fileEncoding = 4; lastKnownFileType = sourcecode.swift; path = BankAPI.swift; sourceTree = "<group>"; };
		DFA122B421911C3F007C2750 /* Pokepay.swift */ = {isa = PBXFileReference; fileEncoding = 4; lastKnownFileType = sourcecode.swift; path = Pokepay.swift; sourceTree = "<group>"; };
		DFA122B721911C3F007C2750 /* CreateTransactionWithBill.swift */ = {isa = PBXFileReference; fileEncoding = 4; lastKnownFileType = sourcecode.swift; path = CreateTransactionWithBill.swift; sourceTree = "<group>"; };
		DFA122B821911C3F007C2750 /* SendToUser.swift */ = {isa = PBXFileReference; fileEncoding = 4; lastKnownFileType = sourcecode.swift; path = SendToUser.swift; sourceTree = "<group>"; };
		DFA122B921911C3F007C2750 /* SendToAccount.swift */ = {isa = PBXFileReference; fileEncoding = 4; lastKnownFileType = sourcecode.swift; path = SendToAccount.swift; sourceTree = "<group>"; };
		DFA122BA21911C3F007C2750 /* CreateTransactionWithCheck.swift */ = {isa = PBXFileReference; fileEncoding = 4; lastKnownFileType = sourcecode.swift; path = CreateTransactionWithCheck.swift; sourceTree = "<group>"; };
		DFA122BB21911C3F007C2750 /* CancelTransaction.swift */ = {isa = PBXFileReference; fileEncoding = 4; lastKnownFileType = sourcecode.swift; path = CancelTransaction.swift; sourceTree = "<group>"; };
		DFA122BC21911C3F007C2750 /* GetTransaction.swift */ = {isa = PBXFileReference; fileEncoding = 4; lastKnownFileType = sourcecode.swift; path = GetTransaction.swift; sourceTree = "<group>"; };
		DFA122BD21911C3F007C2750 /* CreateTransactionWithCashtray.swift */ = {isa = PBXFileReference; fileEncoding = 4; lastKnownFileType = sourcecode.swift; path = CreateTransactionWithCashtray.swift; sourceTree = "<group>"; };
		DFA122BE21911C3F007C2750 /* CreateTransactionWithJwt.swift */ = {isa = PBXFileReference; fileEncoding = 4; lastKnownFileType = sourcecode.swift; path = CreateTransactionWithJwt.swift; sourceTree = "<group>"; };
		DFA122BF21911C3F007C2750 /* BankAPIRequest.swift */ = {isa = PBXFileReference; fileEncoding = 4; lastKnownFileType = sourcecode.swift; path = BankAPIRequest.swift; sourceTree = "<group>"; };
		DFA122C121911C3F007C2750 /* SearchPrivateMoneys.swift */ = {isa = PBXFileReference; fileEncoding = 4; lastKnownFileType = sourcecode.swift; path = SearchPrivateMoneys.swift; sourceTree = "<group>"; };
		DFA122C321911C3F007C2750 /* DeleteBill.swift */ = {isa = PBXFileReference; fileEncoding = 4; lastKnownFileType = sourcecode.swift; path = DeleteBill.swift; sourceTree = "<group>"; };
		DFA122C421911C3F007C2750 /* UpdateBill.swift */ = {isa = PBXFileReference; fileEncoding = 4; lastKnownFileType = sourcecode.swift; path = UpdateBill.swift; sourceTree = "<group>"; };
		DFA122C521911C3F007C2750 /* GetBill.swift */ = {isa = PBXFileReference; fileEncoding = 4; lastKnownFileType = sourcecode.swift; path = GetBill.swift; sourceTree = "<group>"; };
		DFA122C621911C3F007C2750 /* CreateBill.swift */ = {isa = PBXFileReference; fileEncoding = 4; lastKnownFileType = sourcecode.swift; path = CreateBill.swift; sourceTree = "<group>"; };
		DFA122C721911C3F007C2750 /* BankAPIError.swift */ = {isa = PBXFileReference; fileEncoding = 4; lastKnownFileType = sourcecode.swift; path = BankAPIError.swift; sourceTree = "<group>"; };
		DFA122C921911C3F007C2750 /* GetTerminal.swift */ = {isa = PBXFileReference; fileEncoding = 4; lastKnownFileType = sourcecode.swift; path = GetTerminal.swift; sourceTree = "<group>"; };
		DFA122CA21911C3F007C2750 /* UpdateTerminal.swift */ = {isa = PBXFileReference; fileEncoding = 4; lastKnownFileType = sourcecode.swift; path = UpdateTerminal.swift; sourceTree = "<group>"; };
		DFA122CB21911C3F007C2750 /* AddTerminalPublicKey.swift */ = {isa = PBXFileReference; fileEncoding = 4; lastKnownFileType = sourcecode.swift; path = AddTerminalPublicKey.swift; sourceTree = "<group>"; };
		DFA122CD21911C3F007C2750 /* UpdateUser.swift */ = {isa = PBXFileReference; fileEncoding = 4; lastKnownFileType = sourcecode.swift; path = UpdateUser.swift; sourceTree = "<group>"; };
		DFA122CE21911C3F007C2750 /* GetUserTransactions.swift */ = {isa = PBXFileReference; fileEncoding = 4; lastKnownFileType = sourcecode.swift; path = GetUserTransactions.swift; sourceTree = "<group>"; };
		DFA122CF21911C3F007C2750 /* RegisterUserEmail.swift */ = {isa = PBXFileReference; fileEncoding = 4; lastKnownFileType = sourcecode.swift; path = RegisterUserEmail.swift; sourceTree = "<group>"; };
		DFA122D021911C3F007C2750 /* DeleteUserEmail.swift */ = {isa = PBXFileReference; fileEncoding = 4; lastKnownFileType = sourcecode.swift; path = DeleteUserEmail.swift; sourceTree = "<group>"; };
		DFA122D121911C3F007C2750 /* GetUserAccounts.swift */ = {isa = PBXFileReference; fileEncoding = 4; lastKnownFileType = sourcecode.swift; path = GetUserAccounts.swift; sourceTree = "<group>"; };
		DFA122D221911C3F007C2750 /* SendConfirmationEmail.swift */ = {isa = PBXFileReference; fileEncoding = 4; lastKnownFileType = sourcecode.swift; path = SendConfirmationEmail.swift; sourceTree = "<group>"; };
		DFA122D321911C3F007C2750 /* AuthorizedRequest.swift */ = {isa = PBXFileReference; fileEncoding = 4; lastKnownFileType = sourcecode.swift; path = AuthorizedRequest.swift; sourceTree = "<group>"; };
		DFA122D521911C3F007C2750 /* GetAccount.swift */ = {isa = PBXFileReference; fileEncoding = 4; lastKnownFileType = sourcecode.swift; path = GetAccount.swift; sourceTree = "<group>"; };
		DFA122D621911C3F007C2750 /* CreateAccount.swift */ = {isa = PBXFileReference; fileEncoding = 4; lastKnownFileType = sourcecode.swift; path = CreateAccount.swift; sourceTree = "<group>"; };
		DFA122D721911C3F007C2750 /* GetAccountTransactions.swift */ = {isa = PBXFileReference; fileEncoding = 4; lastKnownFileType = sourcecode.swift; path = GetAccountTransactions.swift; sourceTree = "<group>"; };
		DFA122D821911C3F007C2750 /* GetBalances.swift */ = {isa = PBXFileReference; fileEncoding = 4; lastKnownFileType = sourcecode.swift; path = GetBalances.swift; sourceTree = "<group>"; };
		DFA122DA21911C3F007C2750 /* GetCheck.swift */ = {isa = PBXFileReference; fileEncoding = 4; lastKnownFileType = sourcecode.swift; path = GetCheck.swift; sourceTree = "<group>"; };
		DFA122DB21911C3F007C2750 /* CreateCheck.swift */ = {isa = PBXFileReference; fileEncoding = 4; lastKnownFileType = sourcecode.swift; path = CreateCheck.swift; sourceTree = "<group>"; };
		DFA122DC21911C3F007C2750 /* DeleteCheck.swift */ = {isa = PBXFileReference; fileEncoding = 4; lastKnownFileType = sourcecode.swift; path = DeleteCheck.swift; sourceTree = "<group>"; };
		DFA122DD21911C3F007C2750 /* UpdateCheck.swift */ = {isa = PBXFileReference; fileEncoding = 4; lastKnownFileType = sourcecode.swift; path = UpdateCheck.swift; sourceTree = "<group>"; };
		DFA122DF21911C3F007C2750 /* UpdateCashtray.swift */ = {isa = PBXFileReference; fileEncoding = 4; lastKnownFileType = sourcecode.swift; path = UpdateCashtray.swift; sourceTree = "<group>"; };
		DFA122E021911C3F007C2750 /* GetCashtray.swift */ = {isa = PBXFileReference; fileEncoding = 4; lastKnownFileType = sourcecode.swift; path = GetCashtray.swift; sourceTree = "<group>"; };
		DFA122E121911C3F007C2750 /* CreateCashtray.swift */ = {isa = PBXFileReference; fileEncoding = 4; lastKnownFileType = sourcecode.swift; path = CreateCashtray.swift; sourceTree = "<group>"; };
		DFA122E221911C3F007C2750 /* DeleteCashtray.swift */ = {isa = PBXFileReference; fileEncoding = 4; lastKnownFileType = sourcecode.swift; path = DeleteCashtray.swift; sourceTree = "<group>"; };
		DFA122E321911C3F007C2750 /* MessagingAPI.swift */ = {isa = PBXFileReference; fileEncoding = 4; lastKnownFileType = sourcecode.swift; path = MessagingAPI.swift; sourceTree = "<group>"; };
		DFA122E421911C3F007C2750 /* RequestProxy.swift */ = {isa = PBXFileReference; fileEncoding = 4; lastKnownFileType = sourcecode.swift; path = RequestProxy.swift; sourceTree = "<group>"; };
		DFA1232F2191212D007C2750 /* MessageUnreadCount.swift */ = {isa = PBXFileReference; lastKnownFileType = sourcecode.swift; path = MessageUnreadCount.swift; sourceTree = "<group>"; };
		DFD201F921B534F300A1D59B /* JwtResult.swift */ = {isa = PBXFileReference; lastKnownFileType = sourcecode.swift; path = JwtResult.swift; sourceTree = "<group>"; };
/* End PBXFileReference section */

/* Begin PBXFrameworksBuildPhase section */
		B415E51521BA2599009843DB /* Frameworks */ = {
			isa = PBXFrameworksBuildPhase;
			buildActionMask = 2147483647;
			files = (
				B4AF946721CB76030049B71C /* Result.framework in Frameworks */,
				B4AF946821CB76030049B71C /* APIKit.framework in Frameworks */,
				B4D4447C21BAA74D00353BBE /* Pokepay.framework in Frameworks */,
			);
			runOnlyForDeploymentPostprocessing = 0;
		};
		OBJ_227 /* Frameworks */ = {
			isa = PBXFrameworksBuildPhase;
			buildActionMask = 0;
			files = (
			);
			runOnlyForDeploymentPostprocessing = 0;
		};
/* End PBXFrameworksBuildPhase section */

/* Begin PBXGroup section */
		B415E50021B910DE009843DB /* Pokeregi */ = {
			isa = PBXGroup;
			children = (
				B415E50121B9110D009843DB /* BLEController.swift */,
				B415E50321B9110E009843DB /* Cypher.swift */,
				B415E50421B9110E009843DB /* RegexCase.swift */,
				B415E50221B9110D009843DB /* SwiftAES-Bridging-Header.h */,
			);
			path = Pokeregi;
			sourceTree = "<group>";
		};
		B415E51921BA2599009843DB /* PokepayTests */ = {
			isa = PBXGroup;
			children = (
				B415E51A21BA2599009843DB /* PokepayTests.swift */,
				B415E51C21BA2599009843DB /* Info.plist */,
				B415E57A21BA3936009843DB /* PokeregiTests.swift */,
			);
			path = PokepayTests;
			sourceTree = "<group>";
		};
		B45BDCF72305553100D583BC /* Parameters */ = {
			isa = PBXGroup;
			children = (
				B45BDCF82305553100D583BC /* Product.swift */,
			);
			path = Parameters;
			sourceTree = "<group>";
		};
		B4AF946421CB76030049B71C /* Frameworks */ = {
			isa = PBXGroup;
			children = (
				B4AF946621CB76030049B71C /* APIKit.framework */,
				B4AF946521CB76030049B71C /* Result.framework */,
			);
			name = Frameworks;
			sourceTree = "<group>";
		};
		B4DEDEC122CB68E200B16C0B /* CpmToken */ = {
			isa = PBXGroup;
			children = (
				B4DEDEC222CB68E200B16C0B /* GetCpmToken.swift */,
			);
			path = CpmToken;
			sourceTree = "<group>";
		};
		DF6B2DE1216F4677007E2B4C /* docs */ = {
			isa = PBXGroup;
			children = (
				DF6B2DE2216F4677007E2B4C /* tutorial.html */,
				DF6B2DE3216F4677007E2B4C /* tutorial.md */,
			);
			path = docs;
			sourceTree = "<group>";
		};
		DF6B2DE6216F4677007E2B4C /* Products */ = {
			isa = PBXGroup;
			name = Products;
			sourceTree = "<group>";
		};
		DFA1228C21911C3E007C2750 /* Sources */ = {
			isa = PBXGroup;
			children = (
				DFA1228D21911C3E007C2750 /* Pokepay */,
			);
			path = Sources;
			sourceTree = "<group>";
		};
		DFA1228D21911C3E007C2750 /* Pokepay */ = {
			isa = PBXGroup;
			children = (
				B45BDCF72305553100D583BC /* Parameters */,
				B415E50021B910DE009843DB /* Pokeregi */,
				DFA1228E21911C3E007C2750 /* OAuthAPI.swift */,
				DFA1228F21911C3E007C2750 /* OAuthAPI */,
				DFA1229621911C3E007C2750 /* MessagingAPI */,
				DFA1229C21911C3E007C2750 /* Responses */,
				DFA122B121911C3F007C2750 /* Env.swift */,
				DFA122B221911C3F007C2750 /* DecodableDataParser.swift */,
				DFA122B321911C3F007C2750 /* BankAPI.swift */,
				DFA122B421911C3F007C2750 /* Pokepay.swift */,
				DFA122E321911C3F007C2750 /* MessagingAPI.swift */,
				DFA122B521911C3F007C2750 /* BankAPI */,
				DFA122E421911C3F007C2750 /* RequestProxy.swift */,
				B45BDCFB2306E52000D583BC /* Parameters.swift */,
			);
			path = Pokepay;
			sourceTree = "<group>";
		};
		DFA1228F21911C3E007C2750 /* OAuthAPI */ = {
			isa = PBXGroup;
			children = (
				DFA1229021911C3E007C2750 /* Token */,
				DFA1229321911C3E007C2750 /* OAuthAPIError.swift */,
				DFA1229421911C3E007C2750 /* OAuthEnvRequest.swift */,
				DFA1229521911C3E007C2750 /* OAuthAPIRequest.swift */,
			);
			path = OAuthAPI;
			sourceTree = "<group>";
		};
		DFA1229021911C3E007C2750 /* Token */ = {
			isa = PBXGroup;
			children = (
				DFA1229121911C3E007C2750 /* RefreshAccessToken.swift */,
				DFA1229221911C3E007C2750 /* ExchangeAuthCode.swift */,
			);
			path = Token;
			sourceTree = "<group>";
		};
		DFA1229621911C3E007C2750 /* MessagingAPI */ = {
			isa = PBXGroup;
			children = (
				DFA1229721911C3E007C2750 /* GetUnreadCount.swift */,
				DFA1229821911C3E007C2750 /* ReceiveMessageAttachment.swift */,
				DFA1229921911C3E007C2750 /* SendMessage.swift */,
				DFA1229A21911C3E007C2750 /* GetMessage.swift */,
				DFA1229B21911C3E007C2750 /* ListMessages.swift */,
			);
			path = MessagingAPI;
			sourceTree = "<group>";
		};
		DFA1229C21911C3E007C2750 /* Responses */ = {
			isa = PBXGroup;
			children = (
				B4DEDEC422CB690600B16C0B /* AccountCpmToken.swift */,
				DFA1229D21911C3E007C2750 /* AccountBalance.swift */,
				DFA1229E21911C3E007C2750 /* NoContent.swift */,
				DFA1229F21911C3E007C2750 /* Error.swift */,
				DFA122A021911C3E007C2750 /* Terminal.swift */,
				DFA122A121911C3E007C2750 /* AccessToken.swift */,
				DFA122A221911C3E007C2750 /* PaginatedAccountBalances.swift */,
				DFA122A321911C3F007C2750 /* Message.swift */,
				DFA1232F2191212D007C2750 /* MessageUnreadCount.swift */,
				DFA122A421911C3F007C2750 /* Organization.swift */,
				DFA122A521911C3F007C2750 /* PaginatedMessages.swift */,
				DFA122A621911C3F007C2750 /* User.swift */,
				DFA122A721911C3F007C2750 /* MessageAttachment.swift */,
				DFA122A821911C3F007C2750 /* Cashtray.swift */,
				DFA122A921911C3F007C2750 /* PaginatedTransactions.swift */,
				DFA122AA21911C3F007C2750 /* Check.swift */,
				DFA122AB21911C3F007C2750 /* PaginatedPrivateMoneys.swift */,
				DFA122AC21911C3F007C2750 /* UserTransaction.swift */,
				DFD201F921B534F300A1D59B /* JwtResult.swift */,
				DFA122AD21911C3F007C2750 /* Bill.swift */,
				DFA122AE21911C3F007C2750 /* Account.swift */,
				DFA122AF21911C3F007C2750 /* PrivateMoney.swift */,
				DFA122B021911C3F007C2750 /* PaginatedAccounts.swift */,
				B4FDD2DA22D348BE003B561A /* Images.swift */,
			);
			path = Responses;
			sourceTree = "<group>";
		};
		DFA122B521911C3F007C2750 /* BankAPI */ = {
			isa = PBXGroup;
			children = (
				B4DEDEC122CB68E200B16C0B /* CpmToken */,
				DFA122B621911C3F007C2750 /* Transaction */,
				DFA122BF21911C3F007C2750 /* BankAPIRequest.swift */,
				DFA122C021911C3F007C2750 /* PrivateMoney */,
				DFA122C221911C3F007C2750 /* Bill */,
				DFA122C721911C3F007C2750 /* BankAPIError.swift */,
				DFA122C821911C3F007C2750 /* Terminal */,
				DFA122CC21911C3F007C2750 /* User */,
				DFA122D321911C3F007C2750 /* AuthorizedRequest.swift */,
				DFA122D421911C3F007C2750 /* Account */,
				DFA122D921911C3F007C2750 /* Check */,
				DFA122DE21911C3F007C2750 /* Cashtray */,
				B4D4447421BA9F4900353BBE /* BankAPIJSONDecoder.swift */,
			);
			path = BankAPI;
			sourceTree = "<group>";
		};
		DFA122B621911C3F007C2750 /* Transaction */ = {
			isa = PBXGroup;
			children = (
				B4DEDEC622CB6CE800B16C0B /* CreateTransactionWithCpm.swift */,
				DFA122B721911C3F007C2750 /* CreateTransactionWithBill.swift */,
				DFA122B821911C3F007C2750 /* SendToUser.swift */,
				DFA122B921911C3F007C2750 /* SendToAccount.swift */,
				DFA122BA21911C3F007C2750 /* CreateTransactionWithCheck.swift */,
				DFA122BB21911C3F007C2750 /* CancelTransaction.swift */,
				DFA122BC21911C3F007C2750 /* GetTransaction.swift */,
				DFA122BD21911C3F007C2750 /* CreateTransactionWithCashtray.swift */,
				DFA122BE21911C3F007C2750 /* CreateTransactionWithJwt.swift */,
			);
			path = Transaction;
			sourceTree = "<group>";
		};
		DFA122C021911C3F007C2750 /* PrivateMoney */ = {
			isa = PBXGroup;
			children = (
				DFA122C121911C3F007C2750 /* SearchPrivateMoneys.swift */,
			);
			path = PrivateMoney;
			sourceTree = "<group>";
		};
		DFA122C221911C3F007C2750 /* Bill */ = {
			isa = PBXGroup;
			children = (
				DFA122C321911C3F007C2750 /* DeleteBill.swift */,
				DFA122C421911C3F007C2750 /* UpdateBill.swift */,
				DFA122C521911C3F007C2750 /* GetBill.swift */,
				DFA122C621911C3F007C2750 /* CreateBill.swift */,
			);
			path = Bill;
			sourceTree = "<group>";
		};
		DFA122C821911C3F007C2750 /* Terminal */ = {
			isa = PBXGroup;
			children = (
				DFA122C921911C3F007C2750 /* GetTerminal.swift */,
				DFA122CA21911C3F007C2750 /* UpdateTerminal.swift */,
				DFA122CB21911C3F007C2750 /* AddTerminalPublicKey.swift */,
			);
			path = Terminal;
			sourceTree = "<group>";
		};
		DFA122CC21911C3F007C2750 /* User */ = {
			isa = PBXGroup;
			children = (
				DFA122CD21911C3F007C2750 /* UpdateUser.swift */,
				DFA122CE21911C3F007C2750 /* GetUserTransactions.swift */,
				DFA122CF21911C3F007C2750 /* RegisterUserEmail.swift */,
				DFA122D021911C3F007C2750 /* DeleteUserEmail.swift */,
				DFA122D121911C3F007C2750 /* GetUserAccounts.swift */,
				DFA122D221911C3F007C2750 /* SendConfirmationEmail.swift */,
			);
			path = User;
			sourceTree = "<group>";
		};
		DFA122D421911C3F007C2750 /* Account */ = {
			isa = PBXGroup;
			children = (
				B4DEDEBC22CB686D00B16C0B /* CreateAccountCpmToken.swift */,
				DFA122D521911C3F007C2750 /* GetAccount.swift */,
				DFA122D621911C3F007C2750 /* CreateAccount.swift */,
				DFA122D721911C3F007C2750 /* GetAccountTransactions.swift */,
				DFA122D821911C3F007C2750 /* GetBalances.swift */,
			);
			path = Account;
			sourceTree = "<group>";
		};
		DFA122D921911C3F007C2750 /* Check */ = {
			isa = PBXGroup;
			children = (
				DFA122DA21911C3F007C2750 /* GetCheck.swift */,
				DFA122DB21911C3F007C2750 /* CreateCheck.swift */,
				DFA122DC21911C3F007C2750 /* DeleteCheck.swift */,
				DFA122DD21911C3F007C2750 /* UpdateCheck.swift */,
			);
			path = Check;
			sourceTree = "<group>";
		};
		DFA122DE21911C3F007C2750 /* Cashtray */ = {
			isa = PBXGroup;
			children = (
				DFA122DF21911C3F007C2750 /* UpdateCashtray.swift */,
				DFA122E021911C3F007C2750 /* GetCashtray.swift */,
				DFA122E121911C3F007C2750 /* CreateCashtray.swift */,
				DFA122E221911C3F007C2750 /* DeleteCashtray.swift */,
			);
			path = Cashtray;
			sourceTree = "<group>";
		};
		OBJ_5 = {
			isa = PBXGroup;
			children = (
				DF6B2DE0216F4677007E2B4C /* Cartfile */,
				DF6B2D97216F4677007E2B4C /* Cartfile.resolved */,
				DF6B2DE1216F4677007E2B4C /* docs */,
				DF6B2F1F216F4678007E2B4C /* LICENSE.txt */,
				DF6B2F1E216F4678007E2B4C /* Makefile */,
				DF6B2DE5216F4677007E2B4C /* Pokepay.xcodeproj */,
				DF6B2D98216F4677007E2B4C /* README.md */,
				DFA1228C21911C3E007C2750 /* Sources */,
				DF86A17C216F637600FCD979 /* Pokepay.framework */,
				B415E51921BA2599009843DB /* PokepayTests */,
				B4D4446E21BA984B00353BBE /* PokepayTests.xctest */,
				B4AF946421CB76030049B71C /* Frameworks */,
			);
			sourceTree = "<group>";
		};
/* End PBXGroup section */

/* Begin PBXNativeTarget section */
		B415E51721BA2599009843DB /* PokepayTests */ = {
			isa = PBXNativeTarget;
			buildConfigurationList = B415E51D21BA2599009843DB /* Build configuration list for PBXNativeTarget "PokepayTests" */;
			buildPhases = (
				B415E51421BA2599009843DB /* Sources */,
				B415E51521BA2599009843DB /* Frameworks */,
				B415E51621BA2599009843DB /* Resources */,
				B4AF946321CB757D0049B71C /* ShellScript */,
			);
			buildRules = (
			);
			dependencies = (
			);
			name = PokepayTests;
			productName = PokepayTests;
			productReference = B4D4446E21BA984B00353BBE /* PokepayTests.xctest */;
			productType = "com.apple.product-type.bundle.unit-test";
		};
		"Pokepay::Pokepay" /* Pokepay */ = {
			isa = PBXNativeTarget;
			buildConfigurationList = OBJ_165 /* Build configuration list for PBXNativeTarget "Pokepay" */;
			buildPhases = (
				OBJ_168 /* Sources */,
				OBJ_227 /* Frameworks */,
			);
			buildRules = (
			);
			dependencies = (
			);
			name = Pokepay;
			productName = Pokepay;
			productReference = DF86A17C216F637600FCD979 /* Pokepay.framework */;
			productType = "com.apple.product-type.framework";
		};
/* End PBXNativeTarget section */

/* Begin PBXProject section */
		OBJ_1 /* Project object */ = {
			isa = PBXProject;
			attributes = {
				LastSwiftUpdateCheck = 1010;
				LastUpgradeCheck = 9999;
				TargetAttributes = {
					B415E51721BA2599009843DB = {
						CreatedOnToolsVersion = 10.1;
						DevelopmentTeam = ETR87UAWVQ;
						LastSwiftMigration = 1020;
						ProvisioningStyle = Automatic;
					};
					"Pokepay::Pokepay" = {
						DevelopmentTeam = ETR87UAWVQ;
						LastSwiftMigration = 1020;
						ProvisioningStyle = Automatic;
					};
				};
			};
			buildConfigurationList = OBJ_2 /* Build configuration list for PBXProject "Pokepay" */;
			compatibilityVersion = "Xcode 3.2";
			developmentRegion = English;
			hasScannedForEncodings = 0;
			knownRegions = (
				English,
				en,
				Base,
			);
			mainGroup = OBJ_5;
			productRefGroup = OBJ_5;
			projectDirPath = "";
			projectReferences = (
				{
					ProductGroup = DF6B2DE6216F4677007E2B4C /* Products */;
					ProjectRef = DF6B2DE5216F4677007E2B4C /* Pokepay.xcodeproj */;
				},
			);
			projectRoot = "";
			targets = (
				"Pokepay::Pokepay" /* Pokepay */,
				B415E51721BA2599009843DB /* PokepayTests */,
			);
		};
/* End PBXProject section */

/* Begin PBXResourcesBuildPhase section */
		B415E51621BA2599009843DB /* Resources */ = {
			isa = PBXResourcesBuildPhase;
			buildActionMask = 2147483647;
			files = (
			);
			runOnlyForDeploymentPostprocessing = 0;
		};
/* End PBXResourcesBuildPhase section */

/* Begin PBXShellScriptBuildPhase section */
		B4AF946321CB757D0049B71C /* ShellScript */ = {
			isa = PBXShellScriptBuildPhase;
			buildActionMask = 2147483647;
			files = (
			);
			inputFileListPaths = (
			);
			inputPaths = (
				"$(SRCROOT)/Carthage/Build/iOS/APIKit.framework",
				"$(SRCROOT)/Carthage/Build/iOS/Result.framework",
			);
			outputFileListPaths = (
			);
			outputPaths = (
			);
			runOnlyForDeploymentPostprocessing = 0;
			shellPath = /bin/sh;
			shellScript = "/usr/local/bin/carthage copy-frameworks\n";
		};
/* End PBXShellScriptBuildPhase section */

/* Begin PBXSourcesBuildPhase section */
		B415E51421BA2599009843DB /* Sources */ = {
			isa = PBXSourcesBuildPhase;
			buildActionMask = 2147483647;
			files = (
				B45BDCFA2306686700D583BC /* Product.swift in Sources */,
				B4FDD2DC22D349FC003B561A /* Images.swift in Sources */,
				B4D28E2422CCF94700F4E503 /* CreateAccountCpmToken.swift in Sources */,
				B4D28E2322CCF94200F4E503 /* CreateTransactionWithCpm.swift in Sources */,
				B4D28E2222CCF93C00F4E503 /* AccountCpmToken.swift in Sources */,
				B4D28E2122CCF92A00F4E503 /* GetCpmToken.swift in Sources */,
				B415E54D21BA2C15009843DB /* PrivateMoney.swift in Sources */,
				B415E57921BA2C71009843DB /* DeleteCashtray.swift in Sources */,
				B4D4447621BA9F4900353BBE /* BankAPIJSONDecoder.swift in Sources */,
				B415E55F21BA2C55009843DB /* DeleteBill.swift in Sources */,
				B415E54421BA2C15009843DB /* MessageAttachment.swift in Sources */,
				B415E56121BA2C55009843DB /* GetBill.swift in Sources */,
				B415E54621BA2C15009843DB /* PaginatedTransactions.swift in Sources */,
				B415E55E21BA2C4E009843DB /* SearchPrivateMoneys.swift in Sources */,
				B415E52421BA271E009843DB /* RegexCase.swift in Sources */,
				B415E57621BA2C71009843DB /* UpdateCashtray.swift in Sources */,
				B415E56321BA2C55009843DB /* BankAPIError.swift in Sources */,
				B415E56421BA2C61009843DB /* GetTerminal.swift in Sources */,
				B415E56721BA2C64009843DB /* UpdateUser.swift in Sources */,
				B415E56D21BA2C64009843DB /* AuthorizedRequest.swift in Sources */,
				B415E52221BA2717009843DB /* BLEController.swift in Sources */,
				B415E55121BA2C1F009843DB /* Env.swift in Sources */,
				B415E57121BA2C68009843DB /* GetBalances.swift in Sources */,
				B415E53E21BA2C15009843DB /* PaginatedAccountBalances.swift in Sources */,
				B415E53021BA2BEE009843DB /* ExchangeAuthCode.swift in Sources */,
				B415E57B21BA3936009843DB /* PokeregiTests.swift in Sources */,
				B415E57021BA2C68009843DB /* GetAccountTransactions.swift in Sources */,
				B415E53721BA2C06009843DB /* GetMessage.swift in Sources */,
				B415E57721BA2C71009843DB /* GetCashtray.swift in Sources */,
				B415E54521BA2C15009843DB /* Cashtray.swift in Sources */,
				B415E51B21BA2599009843DB /* PokepayTests.swift in Sources */,
				B415E54321BA2C15009843DB /* User.swift in Sources */,
				B415E56821BA2C64009843DB /* GetUserTransactions.swift in Sources */,
				B415E56021BA2C55009843DB /* UpdateBill.swift in Sources */,
				B415E52F21BA2BE7009843DB /* RefreshAccessToken.swift in Sources */,
				B415E54921BA2C15009843DB /* UserTransaction.swift in Sources */,
				B415E55221BA2C1F009843DB /* DecodableDataParser.swift in Sources */,
				B415E54C21BA2C15009843DB /* Account.swift in Sources */,
				B415E53F21BA2C15009843DB /* Message.swift in Sources */,
				B415E53621BA2C02009843DB /* SendMessage.swift in Sources */,
				B415E55821BA2C2A009843DB /* CreateTransactionWithCheck.swift in Sources */,
				B415E55B21BA2C2A009843DB /* CreateTransactionWithCashtray.swift in Sources */,
				B415E53A21BA2C15009843DB /* NoContent.swift in Sources */,
				B415E53821BA2C09009843DB /* ListMessages.swift in Sources */,
				B415E56A21BA2C64009843DB /* DeleteUserEmail.swift in Sources */,
				B415E55321BA2C1F009843DB /* BankAPI.swift in Sources */,
				B415E53C21BA2C15009843DB /* Terminal.swift in Sources */,
				B415E55A21BA2C2A009843DB /* GetTransaction.swift in Sources */,
				B415E53121BA2BF1009843DB /* OAuthAPIError.swift in Sources */,
				B415E52E21BA2BDF009843DB /* OAuthAPI.swift in Sources */,
				B415E53221BA2BF4009843DB /* OAuthEnvRequest.swift in Sources */,
				B415E56521BA2C61009843DB /* UpdateTerminal.swift in Sources */,
				B415E54021BA2C15009843DB /* MessageUnreadCount.swift in Sources */,
				B415E54121BA2C15009843DB /* Organization.swift in Sources */,
				B415E56C21BA2C64009843DB /* SendConfirmationEmail.swift in Sources */,
				B415E57321BA2C6D009843DB /* CreateCheck.swift in Sources */,
				B415E55D21BA2C2D009843DB /* BankAPIRequest.swift in Sources */,
				B415E55421BA2C1F009843DB /* Pokepay.swift in Sources */,
				B415E54B21BA2C15009843DB /* Bill.swift in Sources */,
				B415E56B21BA2C64009843DB /* GetUserAccounts.swift in Sources */,
				B415E55921BA2C2A009843DB /* CancelTransaction.swift in Sources */,
				B415E55C21BA2C2A009843DB /* CreateTransactionWithJwt.swift in Sources */,
				B415E53B21BA2C15009843DB /* Error.swift in Sources */,
				B415E53521BA2C00009843DB /* ReceiveMessageAttachment.swift in Sources */,
				B415E57521BA2C6D009843DB /* UpdateCheck.swift in Sources */,
				B415E53921BA2C11009843DB /* AccountBalance.swift in Sources */,
				B415E54721BA2C15009843DB /* Check.swift in Sources */,
				B415E57821BA2C71009843DB /* CreateCashtray.swift in Sources */,
				B415E55621BA2C2A009843DB /* SendToUser.swift in Sources */,
				B415E54821BA2C15009843DB /* PaginatedPrivateMoneys.swift in Sources */,
				B415E54221BA2C15009843DB /* PaginatedMessages.swift in Sources */,
				B415E55521BA2C2A009843DB /* CreateTransactionWithBill.swift in Sources */,
				B415E57421BA2C6D009843DB /* DeleteCheck.swift in Sources */,
				B415E56E21BA2C68009843DB /* GetAccount.swift in Sources */,
				B415E56221BA2C55009843DB /* CreateBill.swift in Sources */,
				B415E53321BA2BF6009843DB /* OAuthAPIRequest.swift in Sources */,
				B415E55721BA2C2A009843DB /* SendToAccount.swift in Sources */,
				B415E52621BA27E0009843DB /* MessagingAPI.swift in Sources */,
				B415E53421BA2BFC009843DB /* GetUnreadCount.swift in Sources */,
				B415E52321BA271C009843DB /* Cypher.swift in Sources */,
				B415E54E21BA2C15009843DB /* PaginatedAccounts.swift in Sources */,
				B415E56621BA2C61009843DB /* AddTerminalPublicKey.swift in Sources */,
				B415E52521BA27DC009843DB /* RequestProxy.swift in Sources */,
				B415E57221BA2C6D009843DB /* GetCheck.swift in Sources */,
				B415E54A21BA2C15009843DB /* JwtResult.swift in Sources */,
				B415E56F21BA2C68009843DB /* CreateAccount.swift in Sources */,
				B415E56921BA2C64009843DB /* RegisterUserEmail.swift in Sources */,
				B415E53D21BA2C15009843DB /* AccessToken.swift in Sources */,
			);
			runOnlyForDeploymentPostprocessing = 0;
		};
		OBJ_168 /* Sources */ = {
			isa = PBXSourcesBuildPhase;
			buildActionMask = 0;
			files = (
				DFA1230221911C3F007C2750 /* PrivateMoney.swift in Sources */,
				B4DEDEC522CB690600B16C0B /* AccountCpmToken.swift in Sources */,
				DFA1232921911C3F007C2750 /* UpdateCashtray.swift in Sources */,
				DFA1231A21911C3F007C2750 /* UpdateUser.swift in Sources */,
				DFA122EB21911C3F007C2750 /* GetUnreadCount.swift in Sources */,
				DFA1230621911C3F007C2750 /* BankAPI.swift in Sources */,
				DFA122E921911C3F007C2750 /* OAuthEnvRequest.swift in Sources */,
				DFA122EE21911C3F007C2750 /* GetMessage.swift in Sources */,
				DFA122F621911C3F007C2750 /* Message.swift in Sources */,
				DFA1232121911C3F007C2750 /* GetAccount.swift in Sources */,
				DFA1230021911C3F007C2750 /* Bill.swift in Sources */,
				DFA122FC21911C3F007C2750 /* PaginatedTransactions.swift in Sources */,
				B4DEDEC322CB68E200B16C0B /* GetCpmToken.swift in Sources */,
				DFA122F521911C3F007C2750 /* PaginatedAccountBalances.swift in Sources */,
				DFA1230E21911C3F007C2750 /* CreateTransactionWithCashtray.swift in Sources */,
				DFA1231321911C3F007C2750 /* UpdateBill.swift in Sources */,
				DFA1231421911C3F007C2750 /* GetBill.swift in Sources */,
				DFA1231D21911C3F007C2750 /* DeleteUserEmail.swift in Sources */,
				DFA1232B21911C3F007C2750 /* CreateCashtray.swift in Sources */,
				B45BDCF92305553100D583BC /* Product.swift in Sources */,
				DFA1230521911C3F007C2750 /* DecodableDataParser.swift in Sources */,
				DFA122FE21911C3F007C2750 /* PaginatedPrivateMoneys.swift in Sources */,
				DFA1230B21911C3F007C2750 /* CreateTransactionWithCheck.swift in Sources */,
				DFA1231721911C3F007C2750 /* GetTerminal.swift in Sources */,
				DFA122EC21911C3F007C2750 /* ReceiveMessageAttachment.swift in Sources */,
				DFA1230121911C3F007C2750 /* Account.swift in Sources */,
				DFA122E521911C3F007C2750 /* OAuthAPI.swift in Sources */,
				DFA122EA21911C3F007C2750 /* OAuthAPIRequest.swift in Sources */,
				DFA1230421911C3F007C2750 /* Env.swift in Sources */,
				DFA1232621911C3F007C2750 /* CreateCheck.swift in Sources */,
				DFA1231121911C3F007C2750 /* SearchPrivateMoneys.swift in Sources */,
				DFA1231021911C3F007C2750 /* BankAPIRequest.swift in Sources */,
				DFA122F321911C3F007C2750 /* Terminal.swift in Sources */,
				DFA122F121911C3F007C2750 /* NoContent.swift in Sources */,
				DFA122E721911C3F007C2750 /* ExchangeAuthCode.swift in Sources */,
				DFA1230F21911C3F007C2750 /* CreateTransactionWithJwt.swift in Sources */,
				DFA122FD21911C3F007C2750 /* Check.swift in Sources */,
				DFA1230A21911C3F007C2750 /* SendToAccount.swift in Sources */,
				DFA1231C21911C3F007C2750 /* RegisterUserEmail.swift in Sources */,
				DFA1232221911C3F007C2750 /* CreateAccount.swift in Sources */,
				DFA122E621911C3F007C2750 /* RefreshAccessToken.swift in Sources */,
				DFA1231821911C3F007C2750 /* UpdateTerminal.swift in Sources */,
				DFA1231621911C3F007C2750 /* BankAPIError.swift in Sources */,
				DFA1232421911C3F007C2750 /* GetBalances.swift in Sources */,
				DFA1232C21911C3F007C2750 /* DeleteCashtray.swift in Sources */,
				DFA1231B21911C3F007C2750 /* GetUserTransactions.swift in Sources */,
				DFA1231521911C3F007C2750 /* CreateBill.swift in Sources */,
				DFA1230921911C3F007C2750 /* SendToUser.swift in Sources */,
				DFA1232D21911C3F007C2750 /* MessagingAPI.swift in Sources */,
				DFA122ED21911C3F007C2750 /* SendMessage.swift in Sources */,
				DFA122FB21911C3F007C2750 /* Cashtray.swift in Sources */,
				B45BDCFC2306E52000D583BC /* Parameters.swift in Sources */,
				DFA122E821911C3F007C2750 /* OAuthAPIError.swift in Sources */,
				DFA1231F21911C3F007C2750 /* SendConfirmationEmail.swift in Sources */,
				DFA122F021911C3F007C2750 /* AccountBalance.swift in Sources */,
				DFA1230D21911C3F007C2750 /* GetTransaction.swift in Sources */,
				DFA122F221911C3F007C2750 /* Error.swift in Sources */,
				DFA122FA21911C3F007C2750 /* MessageAttachment.swift in Sources */,
				B4DEDEBD22CB686D00B16C0B /* CreateAccountCpmToken.swift in Sources */,
				DFA1232021911C3F007C2750 /* AuthorizedRequest.swift in Sources */,
				B415E50721B9110E009843DB /* RegexCase.swift in Sources */,
				DFA1230821911C3F007C2750 /* CreateTransactionWithBill.swift in Sources */,
				DFA122F721911C3F007C2750 /* Organization.swift in Sources */,
				B415E50521B9110E009843DB /* BLEController.swift in Sources */,
				DFA122FF21911C3F007C2750 /* UserTransaction.swift in Sources */,
				DFD201FA21B534F300A1D59B /* JwtResult.swift in Sources */,
				B4D4447521BA9F4900353BBE /* BankAPIJSONDecoder.swift in Sources */,
				DFA122EF21911C3F007C2750 /* ListMessages.swift in Sources */,
				DFA122F421911C3F007C2750 /* AccessToken.swift in Sources */,
				B415E50621B9110E009843DB /* Cypher.swift in Sources */,
				DFA122F821911C3F007C2750 /* PaginatedMessages.swift in Sources */,
				DFA1232321911C3F007C2750 /* GetAccountTransactions.swift in Sources */,
				DFA123302191212D007C2750 /* MessageUnreadCount.swift in Sources */,
				DFA122F921911C3F007C2750 /* User.swift in Sources */,
				DFA1230321911C3F007C2750 /* PaginatedAccounts.swift in Sources */,
				DFA1231E21911C3F007C2750 /* GetUserAccounts.swift in Sources */,
				DFA1232521911C3F007C2750 /* GetCheck.swift in Sources */,
				B4DEDEC722CB6CE800B16C0B /* CreateTransactionWithCpm.swift in Sources */,
				DFA1232A21911C3F007C2750 /* GetCashtray.swift in Sources */,
				DFA1231221911C3F007C2750 /* DeleteBill.swift in Sources */,
				DFA1230C21911C3F007C2750 /* CancelTransaction.swift in Sources */,
				B4FDD2DB22D348BE003B561A /* Images.swift in Sources */,
				DFA1230721911C3F007C2750 /* Pokepay.swift in Sources */,
				DFA1232821911C3F007C2750 /* UpdateCheck.swift in Sources */,
				DFA1232721911C3F007C2750 /* DeleteCheck.swift in Sources */,
				DFA1232E21911C3F007C2750 /* RequestProxy.swift in Sources */,
				DFA1231921911C3F007C2750 /* AddTerminalPublicKey.swift in Sources */,
			);
			runOnlyForDeploymentPostprocessing = 0;
		};
/* End PBXSourcesBuildPhase section */

/* Begin XCBuildConfiguration section */
		B415E51E21BA2599009843DB /* Debug */ = {
			isa = XCBuildConfiguration;
			buildSettings = {
				ALWAYS_SEARCH_USER_PATHS = NO;
				CLANG_ANALYZER_NONNULL = YES;
				CLANG_ANALYZER_NUMBER_OBJECT_CONVERSION = YES_AGGRESSIVE;
				CLANG_CXX_LANGUAGE_STANDARD = "gnu++14";
				CLANG_CXX_LIBRARY = "libc++";
				CLANG_ENABLE_MODULES = YES;
				CLANG_ENABLE_OBJC_WEAK = YES;
				CLANG_WARN_BLOCK_CAPTURE_AUTORELEASING = YES;
				CLANG_WARN_BOOL_CONVERSION = YES;
				CLANG_WARN_COMMA = YES;
				CLANG_WARN_CONSTANT_CONVERSION = YES;
				CLANG_WARN_DEPRECATED_OBJC_IMPLEMENTATIONS = YES;
				CLANG_WARN_DIRECT_OBJC_ISA_USAGE = YES_ERROR;
				CLANG_WARN_DOCUMENTATION_COMMENTS = YES;
				CLANG_WARN_EMPTY_BODY = YES;
				CLANG_WARN_ENUM_CONVERSION = YES;
				CLANG_WARN_INFINITE_RECURSION = YES;
				CLANG_WARN_INT_CONVERSION = YES;
				CLANG_WARN_NON_LITERAL_NULL_CONVERSION = YES;
				CLANG_WARN_OBJC_IMPLICIT_RETAIN_SELF = YES;
				CLANG_WARN_OBJC_LITERAL_CONVERSION = YES;
				CLANG_WARN_OBJC_ROOT_CLASS = YES_ERROR;
				CLANG_WARN_RANGE_LOOP_ANALYSIS = YES;
				CLANG_WARN_STRICT_PROTOTYPES = YES;
				CLANG_WARN_SUSPICIOUS_MOVE = YES;
				CLANG_WARN_UNGUARDED_AVAILABILITY = YES_AGGRESSIVE;
				CLANG_WARN_UNREACHABLE_CODE = YES;
				CLANG_WARN__DUPLICATE_METHOD_MATCH = YES;
				CODE_SIGN_STYLE = Automatic;
				COPY_PHASE_STRIP = YES;
				DEVELOPMENT_TEAM = ETR87UAWVQ;
				ENABLE_STRICT_OBJC_MSGSEND = YES;
				ENABLE_TESTABILITY = YES;
				FRAMEWORK_SEARCH_PATHS = (
					"$(inherited)",
					"$(PROJECT_DIR)/Carthage/Build/iOS",
				);
				GCC_C_LANGUAGE_STANDARD = gnu11;
				GCC_DYNAMIC_NO_PIC = NO;
				GCC_NO_COMMON_BLOCKS = YES;
				GCC_WARN_64_TO_32_BIT_CONVERSION = YES;
				GCC_WARN_ABOUT_RETURN_TYPE = YES_ERROR;
				GCC_WARN_UNDECLARED_SELECTOR = YES;
				GCC_WARN_UNINITIALIZED_AUTOS = YES_AGGRESSIVE;
				GCC_WARN_UNUSED_FUNCTION = YES;
				GCC_WARN_UNUSED_VARIABLE = YES;
				INFOPLIST_FILE = PokepayTests/Info.plist;
				LD_RUNPATH_SEARCH_PATHS = "$(inherited) @executable_path/Frameworks @loader_path/Frameworks";
				MTL_ENABLE_DEBUG_INFO = INCLUDE_SOURCE;
				MTL_FAST_MATH = YES;
				ONLY_ACTIVE_ARCH = YES;
				PRODUCT_BUNDLE_IDENTIFIER = "jp.pocket-change.PokepayTests";
				PRODUCT_NAME = "$(TARGET_NAME)";
				SDKROOT = iphoneos;
				SWIFT_ACTIVE_COMPILATION_CONDITIONS = DEBUG;
				"SWIFT_OBJC_BRIDGING_HEADER[arch=*]" = "$(SRCROOT)/Sources/Pokepay/Pokeregi/SwiftAES-Bridging-Header.h";
				SWIFT_VERSION = 5.0;
				TARGETED_DEVICE_FAMILY = 1;
			};
			name = Debug;
		};
		B415E51F21BA2599009843DB /* Release */ = {
			isa = XCBuildConfiguration;
			buildSettings = {
				ALWAYS_SEARCH_USER_PATHS = NO;
				CLANG_ANALYZER_NONNULL = YES;
				CLANG_ANALYZER_NUMBER_OBJECT_CONVERSION = YES_AGGRESSIVE;
				CLANG_CXX_LANGUAGE_STANDARD = "gnu++14";
				CLANG_CXX_LIBRARY = "libc++";
				CLANG_ENABLE_MODULES = YES;
				CLANG_ENABLE_OBJC_WEAK = YES;
				CLANG_WARN_BLOCK_CAPTURE_AUTORELEASING = YES;
				CLANG_WARN_BOOL_CONVERSION = YES;
				CLANG_WARN_COMMA = YES;
				CLANG_WARN_CONSTANT_CONVERSION = YES;
				CLANG_WARN_DEPRECATED_OBJC_IMPLEMENTATIONS = YES;
				CLANG_WARN_DIRECT_OBJC_ISA_USAGE = YES_ERROR;
				CLANG_WARN_DOCUMENTATION_COMMENTS = YES;
				CLANG_WARN_EMPTY_BODY = YES;
				CLANG_WARN_ENUM_CONVERSION = YES;
				CLANG_WARN_INFINITE_RECURSION = YES;
				CLANG_WARN_INT_CONVERSION = YES;
				CLANG_WARN_NON_LITERAL_NULL_CONVERSION = YES;
				CLANG_WARN_OBJC_IMPLICIT_RETAIN_SELF = YES;
				CLANG_WARN_OBJC_LITERAL_CONVERSION = YES;
				CLANG_WARN_OBJC_ROOT_CLASS = YES_ERROR;
				CLANG_WARN_RANGE_LOOP_ANALYSIS = YES;
				CLANG_WARN_STRICT_PROTOTYPES = YES;
				CLANG_WARN_SUSPICIOUS_MOVE = YES;
				CLANG_WARN_UNGUARDED_AVAILABILITY = YES_AGGRESSIVE;
				CLANG_WARN_UNREACHABLE_CODE = YES;
				CLANG_WARN__DUPLICATE_METHOD_MATCH = YES;
				CODE_SIGN_STYLE = Automatic;
				COPY_PHASE_STRIP = YES;
				DEVELOPMENT_TEAM = ETR87UAWVQ;
				ENABLE_NS_ASSERTIONS = NO;
				ENABLE_STRICT_OBJC_MSGSEND = YES;
				FRAMEWORK_SEARCH_PATHS = (
					"$(inherited)",
					"$(PROJECT_DIR)/Carthage/Build/iOS",
				);
				GCC_C_LANGUAGE_STANDARD = gnu11;
				GCC_NO_COMMON_BLOCKS = YES;
				GCC_WARN_64_TO_32_BIT_CONVERSION = YES;
				GCC_WARN_ABOUT_RETURN_TYPE = YES_ERROR;
				GCC_WARN_UNDECLARED_SELECTOR = YES;
				GCC_WARN_UNINITIALIZED_AUTOS = YES_AGGRESSIVE;
				GCC_WARN_UNUSED_FUNCTION = YES;
				GCC_WARN_UNUSED_VARIABLE = YES;
				INFOPLIST_FILE = PokepayTests/Info.plist;
				LD_RUNPATH_SEARCH_PATHS = "$(inherited) @executable_path/Frameworks @loader_path/Frameworks";
				MTL_ENABLE_DEBUG_INFO = NO;
				MTL_FAST_MATH = YES;
				ONLY_ACTIVE_ARCH = YES;
				PRODUCT_BUNDLE_IDENTIFIER = "jp.pocket-change.PokepayTests";
				PRODUCT_NAME = "$(TARGET_NAME)";
				SDKROOT = iphoneos;
				"SWIFT_OBJC_BRIDGING_HEADER[arch=*]" = "$(SRCROOT)/Sources/Pokepay/Pokeregi/SwiftAES-Bridging-Header.h";
				SWIFT_VERSION = 5.0;
				TARGETED_DEVICE_FAMILY = 1;
				VALIDATE_PRODUCT = YES;
			};
			name = Release;
		};
		OBJ_166 /* Debug */ = {
			isa = XCBuildConfiguration;
			buildSettings = {
				CLANG_ENABLE_MODULES = YES;
				CODE_SIGN_IDENTITY = "iPhone Developer";
				CODE_SIGN_STYLE = Automatic;
				CURRENT_PROJECT_VERSION = 1;
				DEFINES_MODULE = YES;
				DEVELOPMENT_TEAM = ETR87UAWVQ;
				ENABLE_TESTABILITY = YES;
				FRAMEWORK_SEARCH_PATHS = (
					"$(inherited)",
					"$(PLATFORM_DIR)/Developer/Library/Frameworks",
					"$(PROJECT_DIR)/Carthage/Build/iOS",
					"$(PROJECT_DIR)/Carthage/Checkouts/APIKit/Carthage/Build/iOS",
				);
				HEADER_SEARCH_PATHS = "$(inherited)";
				INFOPLIST_FILE = Pokepay.xcodeproj/Pokepay_Info.plist;
				IPHONEOS_DEPLOYMENT_TARGET = 10.0;
				LD_RUNPATH_SEARCH_PATHS = "$(inherited) $(TOOLCHAIN_DIR)/usr/lib/swift/macosx";
				OTHER_CFLAGS = "$(inherited)";
				OTHER_LDFLAGS = "$(inherited)";
				OTHER_SWIFT_FLAGS = "$(inherited)";
				PRODUCT_BUNDLE_IDENTIFIER = jp.pokepay.Pokepay;
				PRODUCT_MODULE_NAME = "$(TARGET_NAME:c99extidentifier)";
				PRODUCT_NAME = "$(TARGET_NAME:c99extidentifier)";
				PROVISIONING_PROFILE_SPECIFIER = "";
				SDKROOT = iphoneos;
				SKIP_INSTALL = YES;
				SWIFT_ACTIVE_COMPILATION_CONDITIONS = "$(inherited)";
				"SWIFT_OBJC_BRIDGING_HEADER[arch=*]" = "$(SRCROOT)/Sources/Pokepay/Pokeregi/SwiftAES-Bridging-Header.h";
				SWIFT_OPTIMIZATION_LEVEL = "-Onone";
				SWIFT_VERSION = 5.0;
				TARGET_NAME = Pokepay;
				VERSIONING_SYSTEM = "apple-generic";
			};
			name = Debug;
		};
		OBJ_167 /* Release */ = {
			isa = XCBuildConfiguration;
			buildSettings = {
				CLANG_ENABLE_MODULES = YES;
				CODE_SIGN_IDENTITY = "iPhone Developer";
				CODE_SIGN_STYLE = Automatic;
				CURRENT_PROJECT_VERSION = 1;
				DEFINES_MODULE = YES;
				DEVELOPMENT_TEAM = ETR87UAWVQ;
				ENABLE_TESTABILITY = YES;
				FRAMEWORK_SEARCH_PATHS = (
					"$(inherited)",
					"$(PLATFORM_DIR)/Developer/Library/Frameworks",
					"$(PROJECT_DIR)/Carthage/Build/iOS",
					"$(PROJECT_DIR)/Carthage/Checkouts/APIKit/Carthage/Build/iOS",
				);
				HEADER_SEARCH_PATHS = "$(inherited)";
				INFOPLIST_FILE = Pokepay.xcodeproj/Pokepay_Info.plist;
				IPHONEOS_DEPLOYMENT_TARGET = 10.0;
				LD_RUNPATH_SEARCH_PATHS = "$(inherited) $(TOOLCHAIN_DIR)/usr/lib/swift/macosx";
				OTHER_CFLAGS = "$(inherited)";
				OTHER_LDFLAGS = "$(inherited)";
				OTHER_SWIFT_FLAGS = "$(inherited)";
				PRODUCT_BUNDLE_IDENTIFIER = jp.pokepay.Pokepay;
				PRODUCT_MODULE_NAME = "$(TARGET_NAME:c99extidentifier)";
				PRODUCT_NAME = "$(TARGET_NAME:c99extidentifier)";
				PROVISIONING_PROFILE_SPECIFIER = "";
				SDKROOT = iphoneos;
				SKIP_INSTALL = YES;
				SWIFT_ACTIVE_COMPILATION_CONDITIONS = "$(inherited)";
				"SWIFT_OBJC_BRIDGING_HEADER[arch=*]" = "$(SRCROOT)/Sources/Pokepay/Pokeregi/SwiftAES-Bridging-Header.h";
				SWIFT_VERSION = 5.0;
				TARGET_NAME = Pokepay;
				VERSIONING_SYSTEM = "apple-generic";
			};
			name = Release;
		};
		OBJ_3 /* Debug */ = {
			isa = XCBuildConfiguration;
			buildSettings = {
				CLANG_ENABLE_OBJC_ARC = YES;
				COMBINE_HIDPI_IMAGES = YES;
				COPY_PHASE_STRIP = YES;
				DEBUG_INFORMATION_FORMAT = dwarf;
				DYLIB_INSTALL_NAME_BASE = "@rpath";
				ENABLE_NS_ASSERTIONS = YES;
				GCC_OPTIMIZATION_LEVEL = 0;
				GCC_PREPROCESSOR_DEFINITIONS = (
					"DEBUG=1",
					"$(inherited)",
				);
				IPHONEOS_DEPLOYMENT_TARGET = 10.0;
				MACOSX_DEPLOYMENT_TARGET = 10.13;
				ONLY_ACTIVE_ARCH = YES;
				OTHER_SWIFT_FLAGS = "-DXcode";
				PRODUCT_NAME = "$(TARGET_NAME)";
				SDKROOT = iphoneos;
				SUPPORTED_PLATFORMS = "iphonesimulator iphoneos";
				SWIFT_ACTIVE_COMPILATION_CONDITIONS = "SWIFT_PACKAGE DEBUG";
				SWIFT_OPTIMIZATION_LEVEL = "-Onone";
				USE_HEADERMAP = NO;
			};
			name = Debug;
		};
		OBJ_4 /* Release */ = {
			isa = XCBuildConfiguration;
			buildSettings = {
				CLANG_ENABLE_OBJC_ARC = YES;
				COMBINE_HIDPI_IMAGES = YES;
				COPY_PHASE_STRIP = YES;
				DEBUG_INFORMATION_FORMAT = "dwarf-with-dsym";
				DYLIB_INSTALL_NAME_BASE = "@rpath";
				GCC_OPTIMIZATION_LEVEL = s;
				IPHONEOS_DEPLOYMENT_TARGET = 10.0;
				MACOSX_DEPLOYMENT_TARGET = 10.13;
				OTHER_SWIFT_FLAGS = "-DXcode";
				PRODUCT_NAME = "$(TARGET_NAME)";
				SDKROOT = iphoneos;
				SUPPORTED_PLATFORMS = "iphonesimulator iphoneos";
				SWIFT_ACTIVE_COMPILATION_CONDITIONS = SWIFT_PACKAGE;
				SWIFT_OPTIMIZATION_LEVEL = "-Owholemodule";
				USE_HEADERMAP = NO;
			};
			name = Release;
		};
/* End XCBuildConfiguration section */

/* Begin XCConfigurationList section */
		B415E51D21BA2599009843DB /* Build configuration list for PBXNativeTarget "PokepayTests" */ = {
			isa = XCConfigurationList;
			buildConfigurations = (
				B415E51E21BA2599009843DB /* Debug */,
				B415E51F21BA2599009843DB /* Release */,
			);
			defaultConfigurationIsVisible = 0;
			defaultConfigurationName = Release;
		};
		OBJ_165 /* Build configuration list for PBXNativeTarget "Pokepay" */ = {
			isa = XCConfigurationList;
			buildConfigurations = (
				OBJ_166 /* Debug */,
				OBJ_167 /* Release */,
			);
			defaultConfigurationIsVisible = 0;
			defaultConfigurationName = Release;
		};
		OBJ_2 /* Build configuration list for PBXProject "Pokepay" */ = {
			isa = XCConfigurationList;
			buildConfigurations = (
				OBJ_3 /* Debug */,
				OBJ_4 /* Release */,
			);
			defaultConfigurationIsVisible = 0;
			defaultConfigurationName = Release;
		};
/* End XCConfigurationList section */
	};
	rootObject = OBJ_1 /* Project object */;
}
