{
  "object": {
    "pins": [
      {
        "package": "APIKit",
        "repositoryURL": "https://github.com/ishkawa/APIKit",
        "state": {
          "branch": null,
          "revision": "86d51ecee0bc0ebdb53fb69b11a24169a69097ba",
          "version": "4.1.0"
        }
      },
      {
        "package": "Result",
        "repositoryURL": "https://github.com/antitypical/Result.git",
        "state": {
          "branch": null,
          "revision": "2ca499ba456795616fbc471561ff1d963e6ae160",
          "version": "4.1.0"
        }
      }
    ]
  },
  "version": 1
}
